// !$*UTF8*$!
{
	archiveVersion = 1;
	classes = {
	};
	objectVersion = 50;
	objects = {

/* Begin PBXBuildFile section */
		1AB47D25ADD1BB59B760D499 /* libPods-FlightRiderTests.a in Frameworks */ = {isa = PBXBuildFile; fileRef = 85526E7A1E671536FDD781C1 /* libPods-FlightRiderTests.a */; };
		233086F38485A7E206AAD176 /* libPods-FlightRider.a in Frameworks */ = {isa = PBXBuildFile; fileRef = AC2065A8969282ABA87004A8 /* libPods-FlightRider.a */; };
		516B1064D9C55A87BB069A54 /* libPods-FlightRiderUITests.a in Frameworks */ = {isa = PBXBuildFile; fileRef = D2D64074F5F038DF4F5AE346 /* libPods-FlightRiderUITests.a */; };
		89082A8422F43B4E00EF1BDE /* FlightDetailViewControllerCannotCheckin.swift in Sources */ = {isa = PBXBuildFile; fileRef = 89082A8322F43B4E00EF1BDE /* FlightDetailViewControllerCannotCheckin.swift */; };
		89082A8622F4591E00EF1BDE /* FlightDetailViewControllerSelectSeats.swift in Sources */ = {isa = PBXBuildFile; fileRef = 89082A8522F4591E00EF1BDE /* FlightDetailViewControllerSelectSeats.swift */; };
		890A4F9022E20F2600FA7324 /* AppDelegate.swift in Sources */ = {isa = PBXBuildFile; fileRef = 890A4F8F22E20F2600FA7324 /* AppDelegate.swift */; };
		890A4F9222E20F2600FA7324 /* ViewController.swift in Sources */ = {isa = PBXBuildFile; fileRef = 890A4F9122E20F2600FA7324 /* ViewController.swift */; };
		890A4F9522E20F2600FA7324 /* Main.storyboard in Resources */ = {isa = PBXBuildFile; fileRef = 890A4F9322E20F2600FA7324 /* Main.storyboard */; };
		890A4F9822E20F2600FA7324 /* FlightRider.xcdatamodeld in Sources */ = {isa = PBXBuildFile; fileRef = 890A4F9622E20F2600FA7324 /* FlightRider.xcdatamodeld */; };
		890A4F9A22E20F2700FA7324 /* Assets.xcassets in Resources */ = {isa = PBXBuildFile; fileRef = 890A4F9922E20F2700FA7324 /* Assets.xcassets */; };
		890A4F9D22E20F2700FA7324 /* LaunchScreen.storyboard in Resources */ = {isa = PBXBuildFile; fileRef = 890A4F9B22E20F2700FA7324 /* LaunchScreen.storyboard */; };
		890A4FA822E20F2700FA7324 /* FlightRiderTests.swift in Sources */ = {isa = PBXBuildFile; fileRef = 890A4FA722E20F2700FA7324 /* FlightRiderTests.swift */; };
		890A4FB322E20F2700FA7324 /* FlightRiderUITests.swift in Sources */ = {isa = PBXBuildFile; fileRef = 890A4FB222E20F2700FA7324 /* FlightRiderUITests.swift */; };
		8913DA112326768100F94C1B /* AirplaneModel.swift in Sources */ = {isa = PBXBuildFile; fileRef = 8913DA102326768100F94C1B /* AirplaneModel.swift */; };
		8913DA132326795700F94C1B /* AirplaneModels.json in Resources */ = {isa = PBXBuildFile; fileRef = 8913DA122326795700F94C1B /* AirplaneModels.json */; };
		8913FB542301A8150069DE41 /* SwiftyJSON.swift in Sources */ = {isa = PBXBuildFile; fileRef = 8913FB532301A8150069DE41 /* SwiftyJSON.swift */; };
		891F25A022FC6A7600167E94 /* FlightDetailViewControllerExchangeAggreement.swift in Sources */ = {isa = PBXBuildFile; fileRef = 891F259F22FC6A7600167E94 /* FlightDetailViewControllerExchangeAggreement.swift */; };
		8934FB9723670108002A14F4 /* Seat.swift in Sources */ = {isa = PBXBuildFile; fileRef = 8934FB9623670108002A14F4 /* Seat.swift */; };
		8934FB9A236701C1002A14F4 /* ManagedSeat+CoreDataProperties.swift in Sources */ = {isa = PBXBuildFile; fileRef = 8934FB98236701C0002A14F4 /* ManagedSeat+CoreDataProperties.swift */; };
		8934FB9B236701C1002A14F4 /* ManagedSeat+CoreDataClass.swift in Sources */ = {isa = PBXBuildFile; fileRef = 8934FB99236701C0002A14F4 /* ManagedSeat+CoreDataClass.swift */; };
		8934FBA023671422002A14F4 /* ManagedUser+CoreDataProperties.swift in Sources */ = {isa = PBXBuildFile; fileRef = 8934FB9C23671421002A14F4 /* ManagedUser+CoreDataProperties.swift */; };
		8934FBA123671422002A14F4 /* ManagedFlight+CoreDataProperties.swift in Sources */ = {isa = PBXBuildFile; fileRef = 8934FB9D23671421002A14F4 /* ManagedFlight+CoreDataProperties.swift */; };
		8934FBA223671422002A14F4 /* ManagedUser+CoreDataClass.swift in Sources */ = {isa = PBXBuildFile; fileRef = 8934FB9E23671421002A14F4 /* ManagedUser+CoreDataClass.swift */; };
		8934FBA323671422002A14F4 /* ManagedFlight+CoreDataClass.swift in Sources */ = {isa = PBXBuildFile; fileRef = 8934FB9F23671421002A14F4 /* ManagedFlight+CoreDataClass.swift */; };
		8934FBA5236714D8002A14F4 /* Flight.swift in Sources */ = {isa = PBXBuildFile; fileRef = 8934FBA4236714D8002A14F4 /* Flight.swift */; };
		8934FBA7236714ED002A14F4 /* User.swift in Sources */ = {isa = PBXBuildFile; fileRef = 8934FBA6236714ED002A14F4 /* User.swift */; };
		893652E62321380A003C9B56 /* DatePickerExtension.swift in Sources */ = {isa = PBXBuildFile; fileRef = 893652E52321380A003C9B56 /* DatePickerExtension.swift */; };
		893652E823213BCA003C9B56 /* UIAlertController+Extension.swift in Sources */ = {isa = PBXBuildFile; fileRef = 893652E723213BCA003C9B56 /* UIAlertController+Extension.swift */; };
		8937002C2321647D00BA2BF4 /* DateExtension.swift in Sources */ = {isa = PBXBuildFile; fileRef = 8937002B2321647D00BA2BF4 /* DateExtension.swift */; };
		8937002F232172C500BA2BF4 /* Time.swift in Sources */ = {isa = PBXBuildFile; fileRef = 8937002E232172C500BA2BF4 /* Time.swift */; };
		89370031232197F100BA2BF4 /* UIViewControllerDatabaseExtension.swift in Sources */ = {isa = PBXBuildFile; fileRef = 89370030232197F100BA2BF4 /* UIViewControllerDatabaseExtension.swift */; };
		8962EED82358960E007731BE /* ViewControllerFlightAddExtension.swift in Sources */ = {isa = PBXBuildFile; fileRef = 8962EED72358960E007731BE /* ViewControllerFlightAddExtension.swift */; };
		89A8AA102333A08F00B673EE /* CustomButton.swift in Sources */ = {isa = PBXBuildFile; fileRef = 89A8AA0E2333A08F00B673EE /* CustomButton.swift */; };
		89A8AA112333A08F00B673EE /* CustomTextField.swift in Sources */ = {isa = PBXBuildFile; fileRef = 89A8AA0F2333A08F00B673EE /* CustomTextField.swift */; };
		89A8AA132334B49000B673EE /* CustomLabel.swift in Sources */ = {isa = PBXBuildFile; fileRef = 89A8AA122334B49000B673EE /* CustomLabel.swift */; };
		89B46C88232A43020000F5F1 /* StringExtension.swift in Sources */ = {isa = PBXBuildFile; fileRef = 89B46C87232A43020000F5F1 /* StringExtension.swift */; };
		89C08BD9233A5965004A3055 /* KeychainWrapper.swift in Sources */ = {isa = PBXBuildFile; fileRef = 89C08BD8233A5965004A3055 /* KeychainWrapper.swift */; };
		89C08BDC233A5A9B004A3055 /* KeychainItemAccessibility.swift in Sources */ = {isa = PBXBuildFile; fileRef = 89C08BDA233A5A9A004A3055 /* KeychainItemAccessibility.swift */; };
		89EC5E072314331C00F24139 /* Spinner.swift in Sources */ = {isa = PBXBuildFile; fileRef = 89EC5E062314331C00F24139 /* Spinner.swift */; };
		89EC5E092317FC8200F24139 /* ViewControllerUserExtension.swift in Sources */ = {isa = PBXBuildFile; fileRef = 89EC5E082317FC8200F24139 /* ViewControllerUserExtension.swift */; };
		89EC5E0B2318FEDC00F24139 /* ViewControllerFlightExtension.swift in Sources */ = {isa = PBXBuildFile; fileRef = 89EC5E0A2318FEDC00F24139 /* ViewControllerFlightExtension.swift */; };
		FF489CB322F887EF005FAE41 /* CheckSeatsViewController.swift in Sources */ = {isa = PBXBuildFile; fileRef = FF489CB222F887EF005FAE41 /* CheckSeatsViewController.swift */; };
		FF489CB622F88B92005FAE41 /* Tap.swift in Sources */ = {isa = PBXBuildFile; fileRef = FF489CB522F88B92005FAE41 /* Tap.swift */; };
		FF90B14323084EE10003E4D3 /* GoogleService-Info.plist in Resources */ = {isa = PBXBuildFile; fileRef = FF90B14223084EE10003E4D3 /* GoogleService-Info.plist */; };
		FFA03FF32312D94C009A3D3F /* LoginViewController.swift in Sources */ = {isa = PBXBuildFile; fileRef = FFA03FF22312D94C009A3D3F /* LoginViewController.swift */; };
		FFA03FF62312DB08009A3D3F /* CloudKit.framework in Frameworks */ = {isa = PBXBuildFile; fileRef = FFA03FF52312DB08009A3D3F /* CloudKit.framework */; };
		FFFF37B322EDBC8C0014D999 /* Ryanair.png in Resources */ = {isa = PBXBuildFile; fileRef = FFFF37B222EDBC8C0014D999 /* Ryanair.png */; };
		FFFF37B522EDD9870014D999 /* FlightDetailViewController.swift in Sources */ = {isa = PBXBuildFile; fileRef = FFFF37B422EDD9870014D999 /* FlightDetailViewController.swift */; };
/* End PBXBuildFile section */

/* Begin PBXContainerItemProxy section */
		890A4FA422E20F2700FA7324 /* PBXContainerItemProxy */ = {
			isa = PBXContainerItemProxy;
			containerPortal = 890A4F8422E20F2600FA7324 /* Project object */;
			proxyType = 1;
			remoteGlobalIDString = 890A4F8B22E20F2600FA7324;
			remoteInfo = FlightRider;
		};
		890A4FAF22E20F2700FA7324 /* PBXContainerItemProxy */ = {
			isa = PBXContainerItemProxy;
			containerPortal = 890A4F8422E20F2600FA7324 /* Project object */;
			proxyType = 1;
			remoteGlobalIDString = 890A4F8B22E20F2600FA7324;
			remoteInfo = FlightRider;
		};
/* End PBXContainerItemProxy section */

/* Begin PBXFileReference section */
		019726132FFA712208072D56 /* Pods-FlightRiderUITests.debug.xcconfig */ = {isa = PBXFileReference; includeInIndex = 1; lastKnownFileType = text.xcconfig; name = "Pods-FlightRiderUITests.debug.xcconfig"; path = "Target Support Files/Pods-FlightRiderUITests/Pods-FlightRiderUITests.debug.xcconfig"; sourceTree = "<group>"; };
		4E80D74EC729535A6A61D78F /* Pods-FlightRiderUITests.release.xcconfig */ = {isa = PBXFileReference; includeInIndex = 1; lastKnownFileType = text.xcconfig; name = "Pods-FlightRiderUITests.release.xcconfig"; path = "Target Support Files/Pods-FlightRiderUITests/Pods-FlightRiderUITests.release.xcconfig"; sourceTree = "<group>"; };
		81940CAAAE87919D516C60A6 /* Pods-FlightRiderTests.debug.xcconfig */ = {isa = PBXFileReference; includeInIndex = 1; lastKnownFileType = text.xcconfig; name = "Pods-FlightRiderTests.debug.xcconfig"; path = "Target Support Files/Pods-FlightRiderTests/Pods-FlightRiderTests.debug.xcconfig"; sourceTree = "<group>"; };
		85526E7A1E671536FDD781C1 /* libPods-FlightRiderTests.a */ = {isa = PBXFileReference; explicitFileType = archive.ar; includeInIndex = 0; path = "libPods-FlightRiderTests.a"; sourceTree = BUILT_PRODUCTS_DIR; };
		89082A8322F43B4E00EF1BDE /* FlightDetailViewControllerCannotCheckin.swift */ = {isa = PBXFileReference; lastKnownFileType = sourcecode.swift; path = FlightDetailViewControllerCannotCheckin.swift; sourceTree = "<group>"; };
		89082A8522F4591E00EF1BDE /* FlightDetailViewControllerSelectSeats.swift */ = {isa = PBXFileReference; lastKnownFileType = sourcecode.swift; path = FlightDetailViewControllerSelectSeats.swift; sourceTree = "<group>"; };
		890A4F8C22E20F2600FA7324 /* FlightRider.app */ = {isa = PBXFileReference; explicitFileType = wrapper.application; includeInIndex = 0; path = FlightRider.app; sourceTree = BUILT_PRODUCTS_DIR; };
		890A4F8F22E20F2600FA7324 /* AppDelegate.swift */ = {isa = PBXFileReference; lastKnownFileType = sourcecode.swift; path = AppDelegate.swift; sourceTree = "<group>"; };
		890A4F9122E20F2600FA7324 /* ViewController.swift */ = {isa = PBXFileReference; lastKnownFileType = sourcecode.swift; path = ViewController.swift; sourceTree = "<group>"; };
		890A4F9422E20F2600FA7324 /* Base */ = {isa = PBXFileReference; lastKnownFileType = file.storyboard; name = Base; path = Base.lproj/Main.storyboard; sourceTree = "<group>"; };
		890A4F9722E20F2600FA7324 /* FlightRider.xcdatamodel */ = {isa = PBXFileReference; lastKnownFileType = wrapper.xcdatamodel; path = FlightRider.xcdatamodel; sourceTree = "<group>"; };
		890A4F9922E20F2700FA7324 /* Assets.xcassets */ = {isa = PBXFileReference; lastKnownFileType = folder.assetcatalog; path = Assets.xcassets; sourceTree = "<group>"; };
		890A4F9C22E20F2700FA7324 /* Base */ = {isa = PBXFileReference; lastKnownFileType = file.storyboard; name = Base; path = Base.lproj/LaunchScreen.storyboard; sourceTree = "<group>"; };
		890A4F9E22E20F2700FA7324 /* Info.plist */ = {isa = PBXFileReference; lastKnownFileType = text.plist.xml; path = Info.plist; sourceTree = "<group>"; };
		890A4FA322E20F2700FA7324 /* FlightRiderTests.xctest */ = {isa = PBXFileReference; explicitFileType = wrapper.cfbundle; includeInIndex = 0; path = FlightRiderTests.xctest; sourceTree = BUILT_PRODUCTS_DIR; };
		890A4FA722E20F2700FA7324 /* FlightRiderTests.swift */ = {isa = PBXFileReference; lastKnownFileType = sourcecode.swift; path = FlightRiderTests.swift; sourceTree = "<group>"; };
		890A4FA922E20F2700FA7324 /* Info.plist */ = {isa = PBXFileReference; lastKnownFileType = text.plist.xml; path = Info.plist; sourceTree = "<group>"; };
		890A4FAE22E20F2700FA7324 /* FlightRiderUITests.xctest */ = {isa = PBXFileReference; explicitFileType = wrapper.cfbundle; includeInIndex = 0; path = FlightRiderUITests.xctest; sourceTree = BUILT_PRODUCTS_DIR; };
		890A4FB222E20F2700FA7324 /* FlightRiderUITests.swift */ = {isa = PBXFileReference; lastKnownFileType = sourcecode.swift; path = FlightRiderUITests.swift; sourceTree = "<group>"; };
		890A4FB422E20F2700FA7324 /* Info.plist */ = {isa = PBXFileReference; lastKnownFileType = text.plist.xml; path = Info.plist; sourceTree = "<group>"; };
		8913DA102326768100F94C1B /* AirplaneModel.swift */ = {isa = PBXFileReference; lastKnownFileType = sourcecode.swift; path = AirplaneModel.swift; sourceTree = "<group>"; };
		8913DA122326795700F94C1B /* AirplaneModels.json */ = {isa = PBXFileReference; lastKnownFileType = text.json; path = AirplaneModels.json; sourceTree = "<group>"; };
		8913FB532301A8150069DE41 /* SwiftyJSON.swift */ = {isa = PBXFileReference; fileEncoding = 4; lastKnownFileType = sourcecode.swift; path = SwiftyJSON.swift; sourceTree = "<group>"; };
		891F259F22FC6A7600167E94 /* FlightDetailViewControllerExchangeAggreement.swift */ = {isa = PBXFileReference; lastKnownFileType = sourcecode.swift; path = FlightDetailViewControllerExchangeAggreement.swift; sourceTree = "<group>"; };
		8934FB9623670108002A14F4 /* Seat.swift */ = {isa = PBXFileReference; lastKnownFileType = sourcecode.swift; path = Seat.swift; sourceTree = "<group>"; };
		8934FB98236701C0002A14F4 /* ManagedSeat+CoreDataProperties.swift */ = {isa = PBXFileReference; fileEncoding = 4; lastKnownFileType = sourcecode.swift; path = "ManagedSeat+CoreDataProperties.swift"; sourceTree = "<group>"; };
		8934FB99236701C0002A14F4 /* ManagedSeat+CoreDataClass.swift */ = {isa = PBXFileReference; fileEncoding = 4; lastKnownFileType = sourcecode.swift; path = "ManagedSeat+CoreDataClass.swift"; sourceTree = "<group>"; };
		8934FB9C23671421002A14F4 /* ManagedUser+CoreDataProperties.swift */ = {isa = PBXFileReference; fileEncoding = 4; lastKnownFileType = sourcecode.swift; path = "ManagedUser+CoreDataProperties.swift"; sourceTree = "<group>"; };
		8934FB9D23671421002A14F4 /* ManagedFlight+CoreDataProperties.swift */ = {isa = PBXFileReference; fileEncoding = 4; lastKnownFileType = sourcecode.swift; path = "ManagedFlight+CoreDataProperties.swift"; sourceTree = "<group>"; };
		8934FB9E23671421002A14F4 /* ManagedUser+CoreDataClass.swift */ = {isa = PBXFileReference; fileEncoding = 4; lastKnownFileType = sourcecode.swift; path = "ManagedUser+CoreDataClass.swift"; sourceTree = "<group>"; };
		8934FB9F23671421002A14F4 /* ManagedFlight+CoreDataClass.swift */ = {isa = PBXFileReference; fileEncoding = 4; lastKnownFileType = sourcecode.swift; path = "ManagedFlight+CoreDataClass.swift"; sourceTree = "<group>"; };
		8934FBA4236714D8002A14F4 /* Flight.swift */ = {isa = PBXFileReference; lastKnownFileType = sourcecode.swift; path = Flight.swift; sourceTree = "<group>"; };
		8934FBA6236714ED002A14F4 /* User.swift */ = {isa = PBXFileReference; lastKnownFileType = sourcecode.swift; path = User.swift; sourceTree = "<group>"; };
		893652E52321380A003C9B56 /* DatePickerExtension.swift */ = {isa = PBXFileReference; lastKnownFileType = sourcecode.swift; path = DatePickerExtension.swift; sourceTree = "<group>"; };
		893652E723213BCA003C9B56 /* UIAlertController+Extension.swift */ = {isa = PBXFileReference; lastKnownFileType = sourcecode.swift; path = "UIAlertController+Extension.swift"; sourceTree = "<group>"; };
		8937002B2321647D00BA2BF4 /* DateExtension.swift */ = {isa = PBXFileReference; lastKnownFileType = sourcecode.swift; path = DateExtension.swift; sourceTree = "<group>"; };
		8937002E232172C500BA2BF4 /* Time.swift */ = {isa = PBXFileReference; lastKnownFileType = sourcecode.swift; path = Time.swift; sourceTree = "<group>"; };
		89370030232197F100BA2BF4 /* UIViewControllerDatabaseExtension.swift */ = {isa = PBXFileReference; lastKnownFileType = sourcecode.swift; path = UIViewControllerDatabaseExtension.swift; sourceTree = "<group>"; };
		8962EED72358960E007731BE /* ViewControllerFlightAddExtension.swift */ = {isa = PBXFileReference; lastKnownFileType = sourcecode.swift; path = ViewControllerFlightAddExtension.swift; sourceTree = "<group>"; };
		89A8AA0E2333A08F00B673EE /* CustomButton.swift */ = {isa = PBXFileReference; fileEncoding = 4; lastKnownFileType = sourcecode.swift; path = CustomButton.swift; sourceTree = "<group>"; };
		89A8AA0F2333A08F00B673EE /* CustomTextField.swift */ = {isa = PBXFileReference; fileEncoding = 4; lastKnownFileType = sourcecode.swift; path = CustomTextField.swift; sourceTree = "<group>"; };
		89A8AA122334B49000B673EE /* CustomLabel.swift */ = {isa = PBXFileReference; lastKnownFileType = sourcecode.swift; path = CustomLabel.swift; sourceTree = "<group>"; };
		89B46C87232A43020000F5F1 /* StringExtension.swift */ = {isa = PBXFileReference; lastKnownFileType = sourcecode.swift; path = StringExtension.swift; sourceTree = "<group>"; };
		89C08BD8233A5965004A3055 /* KeychainWrapper.swift */ = {isa = PBXFileReference; fileEncoding = 4; lastKnownFileType = sourcecode.swift; path = KeychainWrapper.swift; sourceTree = "<group>"; };
		89C08BDA233A5A9A004A3055 /* KeychainItemAccessibility.swift */ = {isa = PBXFileReference; fileEncoding = 4; lastKnownFileType = sourcecode.swift; path = KeychainItemAccessibility.swift; sourceTree = "<group>"; };
		89C08BDB233A5A9B004A3055 /* SwiftKeychainWrapper.h */ = {isa = PBXFileReference; fileEncoding = 4; lastKnownFileType = sourcecode.c.h; path = SwiftKeychainWrapper.h; sourceTree = "<group>"; };
		89EC5E062314331C00F24139 /* Spinner.swift */ = {isa = PBXFileReference; lastKnownFileType = sourcecode.swift; path = Spinner.swift; sourceTree = "<group>"; };
		89EC5E082317FC8200F24139 /* ViewControllerUserExtension.swift */ = {isa = PBXFileReference; lastKnownFileType = sourcecode.swift; path = ViewControllerUserExtension.swift; sourceTree = "<group>"; };
		89EC5E0A2318FEDC00F24139 /* ViewControllerFlightExtension.swift */ = {isa = PBXFileReference; lastKnownFileType = sourcecode.swift; path = ViewControllerFlightExtension.swift; sourceTree = "<group>"; };
		AC2065A8969282ABA87004A8 /* libPods-FlightRider.a */ = {isa = PBXFileReference; explicitFileType = archive.ar; includeInIndex = 0; path = "libPods-FlightRider.a"; sourceTree = BUILT_PRODUCTS_DIR; };
		CE0D469740083BCE2734EA01 /* Pods-FlightRider.debug.xcconfig */ = {isa = PBXFileReference; includeInIndex = 1; lastKnownFileType = text.xcconfig; name = "Pods-FlightRider.debug.xcconfig"; path = "Target Support Files/Pods-FlightRider/Pods-FlightRider.debug.xcconfig"; sourceTree = "<group>"; };
		D0CCD268A8AB0AB12FE0DDC3 /* Pods-FlightRider.release.xcconfig */ = {isa = PBXFileReference; includeInIndex = 1; lastKnownFileType = text.xcconfig; name = "Pods-FlightRider.release.xcconfig"; path = "Target Support Files/Pods-FlightRider/Pods-FlightRider.release.xcconfig"; sourceTree = "<group>"; };
		D2D64074F5F038DF4F5AE346 /* libPods-FlightRiderUITests.a */ = {isa = PBXFileReference; explicitFileType = archive.ar; includeInIndex = 0; path = "libPods-FlightRiderUITests.a"; sourceTree = BUILT_PRODUCTS_DIR; };
		D62F71DBE2557DB112C0704F /* Pods-FlightRiderTests.release.xcconfig */ = {isa = PBXFileReference; includeInIndex = 1; lastKnownFileType = text.xcconfig; name = "Pods-FlightRiderTests.release.xcconfig"; path = "Target Support Files/Pods-FlightRiderTests/Pods-FlightRiderTests.release.xcconfig"; sourceTree = "<group>"; };
		FF489CB222F887EF005FAE41 /* CheckSeatsViewController.swift */ = {isa = PBXFileReference; fileEncoding = 4; lastKnownFileType = sourcecode.swift; path = CheckSeatsViewController.swift; sourceTree = "<group>"; };
		FF489CB522F88B92005FAE41 /* Tap.swift */ = {isa = PBXFileReference; lastKnownFileType = sourcecode.swift; path = Tap.swift; sourceTree = "<group>"; };
		FF90B14223084EE10003E4D3 /* GoogleService-Info.plist */ = {isa = PBXFileReference; fileEncoding = 4; lastKnownFileType = text.plist.xml; path = "GoogleService-Info.plist"; sourceTree = "<group>"; };
		FFA03FF22312D94C009A3D3F /* LoginViewController.swift */ = {isa = PBXFileReference; fileEncoding = 4; lastKnownFileType = sourcecode.swift; path = LoginViewController.swift; sourceTree = "<group>"; };
		FFA03FF42312DB01009A3D3F /* FlightRider.entitlements */ = {isa = PBXFileReference; lastKnownFileType = text.plist.entitlements; path = FlightRider.entitlements; sourceTree = "<group>"; };
		FFA03FF52312DB08009A3D3F /* CloudKit.framework */ = {isa = PBXFileReference; lastKnownFileType = wrapper.framework; name = CloudKit.framework; path = System/Library/Frameworks/CloudKit.framework; sourceTree = SDKROOT; };
		FFFF37B222EDBC8C0014D999 /* Ryanair.png */ = {isa = PBXFileReference; lastKnownFileType = image.png; path = Ryanair.png; sourceTree = "<group>"; };
		FFFF37B422EDD9870014D999 /* FlightDetailViewController.swift */ = {isa = PBXFileReference; lastKnownFileType = sourcecode.swift; path = FlightDetailViewController.swift; sourceTree = "<group>"; };
/* End PBXFileReference section */

/* Begin PBXFrameworksBuildPhase section */
		890A4F8922E20F2600FA7324 /* Frameworks */ = {
			isa = PBXFrameworksBuildPhase;
			buildActionMask = 2147483647;
			files = (
				FFA03FF62312DB08009A3D3F /* CloudKit.framework in Frameworks */,
				233086F38485A7E206AAD176 /* libPods-FlightRider.a in Frameworks */,
			);
			runOnlyForDeploymentPostprocessing = 0;
		};
		890A4FA022E20F2700FA7324 /* Frameworks */ = {
			isa = PBXFrameworksBuildPhase;
			buildActionMask = 2147483647;
			files = (
				1AB47D25ADD1BB59B760D499 /* libPods-FlightRiderTests.a in Frameworks */,
			);
			runOnlyForDeploymentPostprocessing = 0;
		};
		890A4FAB22E20F2700FA7324 /* Frameworks */ = {
			isa = PBXFrameworksBuildPhase;
			buildActionMask = 2147483647;
			files = (
				516B1064D9C55A87BB069A54 /* libPods-FlightRiderUITests.a in Frameworks */,
			);
			runOnlyForDeploymentPostprocessing = 0;
		};
/* End PBXFrameworksBuildPhase section */

/* Begin PBXGroup section */
		649D53FEF60732134A04E9DA /* Frameworks */ = {
			isa = PBXGroup;
			children = (
				FFA03FF52312DB08009A3D3F /* CloudKit.framework */,
				AC2065A8969282ABA87004A8 /* libPods-FlightRider.a */,
				85526E7A1E671536FDD781C1 /* libPods-FlightRiderTests.a */,
				D2D64074F5F038DF4F5AE346 /* libPods-FlightRiderUITests.a */,
			);
			name = Frameworks;
			sourceTree = "<group>";
		};
		66B30EE620ADFC8A0D20EF32 /* Pods */ = {
			isa = PBXGroup;
			children = (
				CE0D469740083BCE2734EA01 /* Pods-FlightRider.debug.xcconfig */,
				D0CCD268A8AB0AB12FE0DDC3 /* Pods-FlightRider.release.xcconfig */,
				81940CAAAE87919D516C60A6 /* Pods-FlightRiderTests.debug.xcconfig */,
				D62F71DBE2557DB112C0704F /* Pods-FlightRiderTests.release.xcconfig */,
				019726132FFA712208072D56 /* Pods-FlightRiderUITests.debug.xcconfig */,
				4E80D74EC729535A6A61D78F /* Pods-FlightRiderUITests.release.xcconfig */,
			);
			path = Pods;
			sourceTree = "<group>";
		};
		890A4F8322E20F2600FA7324 = {
			isa = PBXGroup;
			children = (
				890A4F8E22E20F2600FA7324 /* FlightRider */,
				890A4FA622E20F2700FA7324 /* FlightRiderTests */,
				890A4FB122E20F2700FA7324 /* FlightRiderUITests */,
				890A4F8D22E20F2600FA7324 /* Products */,
				66B30EE620ADFC8A0D20EF32 /* Pods */,
				649D53FEF60732134A04E9DA /* Frameworks */,
			);
			sourceTree = "<group>";
		};
		890A4F8D22E20F2600FA7324 /* Products */ = {
			isa = PBXGroup;
			children = (
				890A4F8C22E20F2600FA7324 /* FlightRider.app */,
				890A4FA322E20F2700FA7324 /* FlightRiderTests.xctest */,
				890A4FAE22E20F2700FA7324 /* FlightRiderUITests.xctest */,
			);
			name = Products;
			sourceTree = "<group>";
		};
		890A4F8E22E20F2600FA7324 /* FlightRider */ = {
			isa = PBXGroup;
			children = (
				89A8AA0D23339E2F00B673EE /* CustomControls */,
				8937002D232172B500BA2BF4 /* Models */,
				FFA03FF42312DB01009A3D3F /* FlightRider.entitlements */,
				891990572303EFD5002D9074 /* LocalResources */,
				891990552303EDE1002D9074 /* ViewControllers */,
				8937002A2321644200BA2BF4 /* Extensions */,
				FF489CB422F88B75005FAE41 /* 3rd Party */,
				890A4F8F22E20F2600FA7324 /* AppDelegate.swift */,
				890A4F9322E20F2600FA7324 /* Main.storyboard */,
				FF90B14223084EE10003E4D3 /* GoogleService-Info.plist */,
				890A4F9922E20F2700FA7324 /* Assets.xcassets */,
				890A4F9B22E20F2700FA7324 /* LaunchScreen.storyboard */,
				890A4F9E22E20F2700FA7324 /* Info.plist */,
				890A4F9622E20F2600FA7324 /* FlightRider.xcdatamodeld */,
			);
			path = FlightRider;
			sourceTree = "<group>";
		};
		890A4FA622E20F2700FA7324 /* FlightRiderTests */ = {
			isa = PBXGroup;
			children = (
				890A4FA722E20F2700FA7324 /* FlightRiderTests.swift */,
				890A4FA922E20F2700FA7324 /* Info.plist */,
			);
			path = FlightRiderTests;
			sourceTree = "<group>";
		};
		890A4FB122E20F2700FA7324 /* FlightRiderUITests */ = {
			isa = PBXGroup;
			children = (
				890A4FB222E20F2700FA7324 /* FlightRiderUITests.swift */,
				890A4FB422E20F2700FA7324 /* Info.plist */,
			);
			path = FlightRiderUITests;
			sourceTree = "<group>";
		};
		891990552303EDE1002D9074 /* ViewControllers */ = {
			isa = PBXGroup;
			children = (
				890A4F9122E20F2600FA7324 /* ViewController.swift */,
				FFFF37B422EDD9870014D999 /* FlightDetailViewController.swift */,
				89082A8322F43B4E00EF1BDE /* FlightDetailViewControllerCannotCheckin.swift */,
				89082A8522F4591E00EF1BDE /* FlightDetailViewControllerSelectSeats.swift */,
				FFA03FF22312D94C009A3D3F /* LoginViewController.swift */,
				FF489CB222F887EF005FAE41 /* CheckSeatsViewController.swift */,
				891F259F22FC6A7600167E94 /* FlightDetailViewControllerExchangeAggreement.swift */,
			);
			path = ViewControllers;
			sourceTree = "<group>";
		};
		891990572303EFD5002D9074 /* LocalResources */ = {
			isa = PBXGroup;
			children = (
				8913DA122326795700F94C1B /* AirplaneModels.json */,
				FFFF37B222EDBC8C0014D999 /* Ryanair.png */,
			);
			path = LocalResources;
			sourceTree = "<group>";
		};
		8937002A2321644200BA2BF4 /* Extensions */ = {
			isa = PBXGroup;
			children = (
				89EC5E082317FC8200F24139 /* ViewControllerUserExtension.swift */,
				89EC5E0A2318FEDC00F24139 /* ViewControllerFlightExtension.swift */,
				8962EED72358960E007731BE /* ViewControllerFlightAddExtension.swift */,
				8937002B2321647D00BA2BF4 /* DateExtension.swift */,
				89370030232197F100BA2BF4 /* UIViewControllerDatabaseExtension.swift */,
				89B46C87232A43020000F5F1 /* StringExtension.swift */,
				89EC5E062314331C00F24139 /* Spinner.swift */,
			);
			path = Extensions;
			sourceTree = "<group>";
		};
		8937002D232172B500BA2BF4 /* Models */ = {
			isa = PBXGroup;
			children = (
				8934FB99236701C0002A14F4 /* ManagedSeat+CoreDataClass.swift */,
				8934FB98236701C0002A14F4 /* ManagedSeat+CoreDataProperties.swift */,
				8934FB9623670108002A14F4 /* Seat.swift */,
				8934FB9F23671421002A14F4 /* ManagedFlight+CoreDataClass.swift */,
				8934FB9D23671421002A14F4 /* ManagedFlight+CoreDataProperties.swift */,
				8934FBA4236714D8002A14F4 /* Flight.swift */,
				8934FB9E23671421002A14F4 /* ManagedUser+CoreDataClass.swift */,
				8934FB9C23671421002A14F4 /* ManagedUser+CoreDataProperties.swift */,
				8934FBA6236714ED002A14F4 /* User.swift */,
				8937002E232172C500BA2BF4 /* Time.swift */,
				8913DA102326768100F94C1B /* AirplaneModel.swift */,
			);
			path = Models;
			sourceTree = "<group>";
		};
		89A8AA0D23339E2F00B673EE /* CustomControls */ = {
			isa = PBXGroup;
			children = (
				89A8AA0E2333A08F00B673EE /* CustomButton.swift */,
				89A8AA0F2333A08F00B673EE /* CustomTextField.swift */,
				89A8AA122334B49000B673EE /* CustomLabel.swift */,
			);
			path = CustomControls;
			sourceTree = "<group>";
		};
		FF489CB422F88B75005FAE41 /* 3rd Party */ = {
			isa = PBXGroup;
			children = (
				FF489CB522F88B92005FAE41 /* Tap.swift */,
				89C08BD8233A5965004A3055 /* KeychainWrapper.swift */,
				8913FB532301A8150069DE41 /* SwiftyJSON.swift */,
				89C08BDA233A5A9A004A3055 /* KeychainItemAccessibility.swift */,
				89C08BDB233A5A9B004A3055 /* SwiftKeychainWrapper.h */,
				893652E52321380A003C9B56 /* DatePickerExtension.swift */,
				893652E723213BCA003C9B56 /* UIAlertController+Extension.swift */,
			);
			path = "3rd Party";
			sourceTree = "<group>";
		};
/* End PBXGroup section */

/* Begin PBXNativeTarget section */
		890A4F8B22E20F2600FA7324 /* FlightRider */ = {
			isa = PBXNativeTarget;
			buildConfigurationList = 890A4FB722E20F2700FA7324 /* Build configuration list for PBXNativeTarget "FlightRider" */;
			buildPhases = (
				F3F6916E09A3527D313EAB4C /* [CP] Check Pods Manifest.lock */,
				890A4F8822E20F2600FA7324 /* Sources */,
				890A4F8922E20F2600FA7324 /* Frameworks */,
				890A4F8A22E20F2600FA7324 /* Resources */,
			);
			buildRules = (
			);
			dependencies = (
			);
			name = FlightRider;
			productName = FlightRider;
			productReference = 890A4F8C22E20F2600FA7324 /* FlightRider.app */;
			productType = "com.apple.product-type.application";
		};
		890A4FA222E20F2700FA7324 /* FlightRiderTests */ = {
			isa = PBXNativeTarget;
			buildConfigurationList = 890A4FBA22E20F2700FA7324 /* Build configuration list for PBXNativeTarget "FlightRiderTests" */;
			buildPhases = (
				A04B33C335CD0842437DD963 /* [CP] Check Pods Manifest.lock */,
				890A4F9F22E20F2700FA7324 /* Sources */,
				890A4FA022E20F2700FA7324 /* Frameworks */,
				890A4FA122E20F2700FA7324 /* Resources */,
			);
			buildRules = (
			);
			dependencies = (
				890A4FA522E20F2700FA7324 /* PBXTargetDependency */,
			);
			name = FlightRiderTests;
			productName = FlightRiderTests;
			productReference = 890A4FA322E20F2700FA7324 /* FlightRiderTests.xctest */;
			productType = "com.apple.product-type.bundle.unit-test";
		};
		890A4FAD22E20F2700FA7324 /* FlightRiderUITests */ = {
			isa = PBXNativeTarget;
			buildConfigurationList = 890A4FBD22E20F2700FA7324 /* Build configuration list for PBXNativeTarget "FlightRiderUITests" */;
			buildPhases = (
				CB8D586777AE5588D3B41507 /* [CP] Check Pods Manifest.lock */,
				890A4FAA22E20F2700FA7324 /* Sources */,
				890A4FAB22E20F2700FA7324 /* Frameworks */,
				890A4FAC22E20F2700FA7324 /* Resources */,
			);
			buildRules = (
			);
			dependencies = (
				890A4FB022E20F2700FA7324 /* PBXTargetDependency */,
			);
			name = FlightRiderUITests;
			productName = FlightRiderUITests;
			productReference = 890A4FAE22E20F2700FA7324 /* FlightRiderUITests.xctest */;
			productType = "com.apple.product-type.bundle.ui-testing";
		};
/* End PBXNativeTarget section */

/* Begin PBXProject section */
		890A4F8422E20F2600FA7324 /* Project object */ = {
			isa = PBXProject;
			attributes = {
				LastSwiftUpdateCheck = 1020;
				LastUpgradeCheck = 1020;
				ORGANIZATIONNAME = Tomi;
				TargetAttributes = {
					890A4F8B22E20F2600FA7324 = {
						CreatedOnToolsVersion = 10.2.1;
						SystemCapabilities = {
							com.apple.iCloud = {
								enabled = 1;
							};
						};
					};
					890A4FA222E20F2700FA7324 = {
						CreatedOnToolsVersion = 10.2.1;
						TestTargetID = 890A4F8B22E20F2600FA7324;
					};
					890A4FAD22E20F2700FA7324 = {
						CreatedOnToolsVersion = 10.2.1;
						TestTargetID = 890A4F8B22E20F2600FA7324;
					};
				};
			};
			buildConfigurationList = 890A4F8722E20F2600FA7324 /* Build configuration list for PBXProject "FlightRider" */;
			compatibilityVersion = "Xcode 9.3";
			developmentRegion = en;
			hasScannedForEncodings = 0;
			knownRegions = (
				en,
				Base,
			);
			mainGroup = 890A4F8322E20F2600FA7324;
			productRefGroup = 890A4F8D22E20F2600FA7324 /* Products */;
			projectDirPath = "";
			projectRoot = "";
			targets = (
				890A4F8B22E20F2600FA7324 /* FlightRider */,
				890A4FA222E20F2700FA7324 /* FlightRiderTests */,
				890A4FAD22E20F2700FA7324 /* FlightRiderUITests */,
			);
		};
/* End PBXProject section */

/* Begin PBXResourcesBuildPhase section */
		890A4F8A22E20F2600FA7324 /* Resources */ = {
			isa = PBXResourcesBuildPhase;
			buildActionMask = 2147483647;
			files = (
				FFFF37B322EDBC8C0014D999 /* Ryanair.png in Resources */,
				8913DA132326795700F94C1B /* AirplaneModels.json in Resources */,
				890A4F9D22E20F2700FA7324 /* LaunchScreen.storyboard in Resources */,
				890A4F9A22E20F2700FA7324 /* Assets.xcassets in Resources */,
				890A4F9522E20F2600FA7324 /* Main.storyboard in Resources */,
				FF90B14323084EE10003E4D3 /* GoogleService-Info.plist in Resources */,
			);
			runOnlyForDeploymentPostprocessing = 0;
		};
		890A4FA122E20F2700FA7324 /* Resources */ = {
			isa = PBXResourcesBuildPhase;
			buildActionMask = 2147483647;
			files = (
			);
			runOnlyForDeploymentPostprocessing = 0;
		};
		890A4FAC22E20F2700FA7324 /* Resources */ = {
			isa = PBXResourcesBuildPhase;
			buildActionMask = 2147483647;
			files = (
			);
			runOnlyForDeploymentPostprocessing = 0;
		};
/* End PBXResourcesBuildPhase section */

/* Begin PBXShellScriptBuildPhase section */
		A04B33C335CD0842437DD963 /* [CP] Check Pods Manifest.lock */ = {
			isa = PBXShellScriptBuildPhase;
			buildActionMask = 2147483647;
			files = (
			);
			inputFileListPaths = (
			);
			inputPaths = (
				"${PODS_PODFILE_DIR_PATH}/Podfile.lock",
				"${PODS_ROOT}/Manifest.lock",
			);
			name = "[CP] Check Pods Manifest.lock";
			outputFileListPaths = (
			);
			outputPaths = (
				"$(DERIVED_FILE_DIR)/Pods-FlightRiderTests-checkManifestLockResult.txt",
			);
			runOnlyForDeploymentPostprocessing = 0;
			shellPath = /bin/sh;
			shellScript = "diff \"${PODS_PODFILE_DIR_PATH}/Podfile.lock\" \"${PODS_ROOT}/Manifest.lock\" > /dev/null\nif [ $? != 0 ] ; then\n    # print error to STDERR\n    echo \"error: The sandbox is not in sync with the Podfile.lock. Run 'pod install' or update your CocoaPods installation.\" >&2\n    exit 1\nfi\n# This output is used by Xcode 'outputs' to avoid re-running this script phase.\necho \"SUCCESS\" > \"${SCRIPT_OUTPUT_FILE_0}\"\n";
			showEnvVarsInLog = 0;
		};
		CB8D586777AE5588D3B41507 /* [CP] Check Pods Manifest.lock */ = {
			isa = PBXShellScriptBuildPhase;
			buildActionMask = 2147483647;
			files = (
			);
			inputFileListPaths = (
			);
			inputPaths = (
				"${PODS_PODFILE_DIR_PATH}/Podfile.lock",
				"${PODS_ROOT}/Manifest.lock",
			);
			name = "[CP] Check Pods Manifest.lock";
			outputFileListPaths = (
			);
			outputPaths = (
				"$(DERIVED_FILE_DIR)/Pods-FlightRiderUITests-checkManifestLockResult.txt",
			);
			runOnlyForDeploymentPostprocessing = 0;
			shellPath = /bin/sh;
			shellScript = "diff \"${PODS_PODFILE_DIR_PATH}/Podfile.lock\" \"${PODS_ROOT}/Manifest.lock\" > /dev/null\nif [ $? != 0 ] ; then\n    # print error to STDERR\n    echo \"error: The sandbox is not in sync with the Podfile.lock. Run 'pod install' or update your CocoaPods installation.\" >&2\n    exit 1\nfi\n# This output is used by Xcode 'outputs' to avoid re-running this script phase.\necho \"SUCCESS\" > \"${SCRIPT_OUTPUT_FILE_0}\"\n";
			showEnvVarsInLog = 0;
		};
		F3F6916E09A3527D313EAB4C /* [CP] Check Pods Manifest.lock */ = {
			isa = PBXShellScriptBuildPhase;
			buildActionMask = 2147483647;
			files = (
			);
			inputFileListPaths = (
			);
			inputPaths = (
				"${PODS_PODFILE_DIR_PATH}/Podfile.lock",
				"${PODS_ROOT}/Manifest.lock",
			);
			name = "[CP] Check Pods Manifest.lock";
			outputFileListPaths = (
			);
			outputPaths = (
				"$(DERIVED_FILE_DIR)/Pods-FlightRider-checkManifestLockResult.txt",
			);
			runOnlyForDeploymentPostprocessing = 0;
			shellPath = /bin/sh;
			shellScript = "diff \"${PODS_PODFILE_DIR_PATH}/Podfile.lock\" \"${PODS_ROOT}/Manifest.lock\" > /dev/null\nif [ $? != 0 ] ; then\n    # print error to STDERR\n    echo \"error: The sandbox is not in sync with the Podfile.lock. Run 'pod install' or update your CocoaPods installation.\" >&2\n    exit 1\nfi\n# This output is used by Xcode 'outputs' to avoid re-running this script phase.\necho \"SUCCESS\" > \"${SCRIPT_OUTPUT_FILE_0}\"\n";
			showEnvVarsInLog = 0;
		};
/* End PBXShellScriptBuildPhase section */

/* Begin PBXSourcesBuildPhase section */
		890A4F8822E20F2600FA7324 /* Sources */ = {
			isa = PBXSourcesBuildPhase;
			buildActionMask = 2147483647;
			files = (
				891F25A022FC6A7600167E94 /* FlightDetailViewControllerExchangeAggreement.swift in Sources */,
				89A8AA132334B49000B673EE /* CustomLabel.swift in Sources */,
				89EC5E072314331C00F24139 /* Spinner.swift in Sources */,
				893652E823213BCA003C9B56 /* UIAlertController+Extension.swift in Sources */,
				89082A8622F4591E00EF1BDE /* FlightDetailViewControllerSelectSeats.swift in Sources */,
				89A8AA112333A08F00B673EE /* CustomTextField.swift in Sources */,
				89B46C88232A43020000F5F1 /* StringExtension.swift in Sources */,
				FF489CB622F88B92005FAE41 /* Tap.swift in Sources */,
				FF489CB322F887EF005FAE41 /* CheckSeatsViewController.swift in Sources */,
				8913FB542301A8150069DE41 /* SwiftyJSON.swift in Sources */,
				8934FBA223671422002A14F4 /* ManagedUser+CoreDataClass.swift in Sources */,
				89082A8422F43B4E00EF1BDE /* FlightDetailViewControllerCannotCheckin.swift in Sources */,
				89370031232197F100BA2BF4 /* UIViewControllerDatabaseExtension.swift in Sources */,
				8934FBA5236714D8002A14F4 /* Flight.swift in Sources */,
				890A4F9222E20F2600FA7324 /* ViewController.swift in Sources */,
				89C08BD9233A5965004A3055 /* KeychainWrapper.swift in Sources */,
				8937002F232172C500BA2BF4 /* Time.swift in Sources */,
				89EC5E0B2318FEDC00F24139 /* ViewControllerFlightExtension.swift in Sources */,
				8934FBA323671422002A14F4 /* ManagedFlight+CoreDataClass.swift in Sources */,
				8934FB9723670108002A14F4 /* Seat.swift in Sources */,
				89A8AA102333A08F00B673EE /* CustomButton.swift in Sources */,
				8937002C2321647D00BA2BF4 /* DateExtension.swift in Sources */,
				890A4F9822E20F2600FA7324 /* FlightRider.xcdatamodeld in Sources */,
				89EC5E092317FC8200F24139 /* ViewControllerUserExtension.swift in Sources */,
				8913DA112326768100F94C1B /* AirplaneModel.swift in Sources */,
				8934FBA023671422002A14F4 /* ManagedUser+CoreDataProperties.swift in Sources */,
				FFA03FF32312D94C009A3D3F /* LoginViewController.swift in Sources */,
				8934FB9A236701C1002A14F4 /* ManagedSeat+CoreDataProperties.swift in Sources */,
				893652E62321380A003C9B56 /* DatePickerExtension.swift in Sources */,
				FFFF37B522EDD9870014D999 /* FlightDetailViewController.swift in Sources */,
				89C08BDC233A5A9B004A3055 /* KeychainItemAccessibility.swift in Sources */,
				8934FB9B236701C1002A14F4 /* ManagedSeat+CoreDataClass.swift in Sources */,
				8934FBA7236714ED002A14F4 /* User.swift in Sources */,
				8962EED82358960E007731BE /* ViewControllerFlightAddExtension.swift in Sources */,
				890A4F9022E20F2600FA7324 /* AppDelegate.swift in Sources */,
				8934FBA123671422002A14F4 /* ManagedFlight+CoreDataProperties.swift in Sources */,
			);
			runOnlyForDeploymentPostprocessing = 0;
		};
		890A4F9F22E20F2700FA7324 /* Sources */ = {
			isa = PBXSourcesBuildPhase;
			buildActionMask = 2147483647;
			files = (
				890A4FA822E20F2700FA7324 /* FlightRiderTests.swift in Sources */,
			);
			runOnlyForDeploymentPostprocessing = 0;
		};
		890A4FAA22E20F2700FA7324 /* Sources */ = {
			isa = PBXSourcesBuildPhase;
			buildActionMask = 2147483647;
			files = (
				890A4FB322E20F2700FA7324 /* FlightRiderUITests.swift in Sources */,
			);
			runOnlyForDeploymentPostprocessing = 0;
		};
/* End PBXSourcesBuildPhase section */

/* Begin PBXTargetDependency section */
		890A4FA522E20F2700FA7324 /* PBXTargetDependency */ = {
			isa = PBXTargetDependency;
			target = 890A4F8B22E20F2600FA7324 /* FlightRider */;
			targetProxy = 890A4FA422E20F2700FA7324 /* PBXContainerItemProxy */;
		};
		890A4FB022E20F2700FA7324 /* PBXTargetDependency */ = {
			isa = PBXTargetDependency;
			target = 890A4F8B22E20F2600FA7324 /* FlightRider */;
			targetProxy = 890A4FAF22E20F2700FA7324 /* PBXContainerItemProxy */;
		};
/* End PBXTargetDependency section */

/* Begin PBXVariantGroup section */
		890A4F9322E20F2600FA7324 /* Main.storyboard */ = {
			isa = PBXVariantGroup;
			children = (
				890A4F9422E20F2600FA7324 /* Base */,
			);
			name = Main.storyboard;
			sourceTree = "<group>";
		};
		890A4F9B22E20F2700FA7324 /* LaunchScreen.storyboard */ = {
			isa = PBXVariantGroup;
			children = (
				890A4F9C22E20F2700FA7324 /* Base */,
			);
			name = LaunchScreen.storyboard;
			sourceTree = "<group>";
		};
/* End PBXVariantGroup section */

/* Begin XCBuildConfiguration section */
		890A4FB522E20F2700FA7324 /* Debug */ = {
			isa = XCBuildConfiguration;
			buildSettings = {
				ALWAYS_SEARCH_USER_PATHS = NO;
				CLANG_ANALYZER_NONNULL = YES;
				CLANG_ANALYZER_NUMBER_OBJECT_CONVERSION = YES_AGGRESSIVE;
				CLANG_CXX_LANGUAGE_STANDARD = "gnu++14";
				CLANG_CXX_LIBRARY = "libc++";
				CLANG_ENABLE_MODULES = YES;
				CLANG_ENABLE_OBJC_ARC = YES;
				CLANG_ENABLE_OBJC_WEAK = YES;
				CLANG_WARN_BLOCK_CAPTURE_AUTORELEASING = YES;
				CLANG_WARN_BOOL_CONVERSION = YES;
				CLANG_WARN_COMMA = YES;
				CLANG_WARN_CONSTANT_CONVERSION = YES;
				CLANG_WARN_DEPRECATED_OBJC_IMPLEMENTATIONS = YES;
				CLANG_WARN_DIRECT_OBJC_ISA_USAGE = YES_ERROR;
				CLANG_WARN_DOCUMENTATION_COMMENTS = YES;
				CLANG_WARN_EMPTY_BODY = YES;
				CLANG_WARN_ENUM_CONVERSION = YES;
				CLANG_WARN_INFINITE_RECURSION = YES;
				CLANG_WARN_INT_CONVERSION = YES;
				CLANG_WARN_NON_LITERAL_NULL_CONVERSION = YES;
				CLANG_WARN_OBJC_IMPLICIT_RETAIN_SELF = YES;
				CLANG_WARN_OBJC_LITERAL_CONVERSION = YES;
				CLANG_WARN_OBJC_ROOT_CLASS = YES_ERROR;
				CLANG_WARN_RANGE_LOOP_ANALYSIS = YES;
				CLANG_WARN_STRICT_PROTOTYPES = YES;
				CLANG_WARN_SUSPICIOUS_MOVE = YES;
				CLANG_WARN_UNGUARDED_AVAILABILITY = YES_AGGRESSIVE;
				CLANG_WARN_UNREACHABLE_CODE = YES;
				CLANG_WARN__DUPLICATE_METHOD_MATCH = YES;
				CODE_SIGN_IDENTITY = "iPhone Developer";
				COPY_PHASE_STRIP = NO;
				DEBUG_INFORMATION_FORMAT = dwarf;
				ENABLE_STRICT_OBJC_MSGSEND = YES;
				ENABLE_TESTABILITY = YES;
				GCC_C_LANGUAGE_STANDARD = gnu11;
				GCC_DYNAMIC_NO_PIC = NO;
				GCC_NO_COMMON_BLOCKS = YES;
				GCC_OPTIMIZATION_LEVEL = 0;
				GCC_PREPROCESSOR_DEFINITIONS = (
					"DEBUG=1",
					"$(inherited)",
				);
				GCC_WARN_64_TO_32_BIT_CONVERSION = YES;
				GCC_WARN_ABOUT_RETURN_TYPE = YES_ERROR;
				GCC_WARN_UNDECLARED_SELECTOR = YES;
				GCC_WARN_UNINITIALIZED_AUTOS = YES_AGGRESSIVE;
				GCC_WARN_UNUSED_FUNCTION = YES;
				GCC_WARN_UNUSED_VARIABLE = YES;
				IPHONEOS_DEPLOYMENT_TARGET = 12.2;
				MTL_ENABLE_DEBUG_INFO = INCLUDE_SOURCE;
				MTL_FAST_MATH = YES;
				ONLY_ACTIVE_ARCH = YES;
				SDKROOT = iphoneos;
				SWIFT_ACTIVE_COMPILATION_CONDITIONS = DEBUG;
				SWIFT_OPTIMIZATION_LEVEL = "-Onone";
			};
			name = Debug;
		};
		890A4FB622E20F2700FA7324 /* Release */ = {
			isa = XCBuildConfiguration;
			buildSettings = {
				ALWAYS_SEARCH_USER_PATHS = NO;
				CLANG_ANALYZER_NONNULL = YES;
				CLANG_ANALYZER_NUMBER_OBJECT_CONVERSION = YES_AGGRESSIVE;
				CLANG_CXX_LANGUAGE_STANDARD = "gnu++14";
				CLANG_CXX_LIBRARY = "libc++";
				CLANG_ENABLE_MODULES = YES;
				CLANG_ENABLE_OBJC_ARC = YES;
				CLANG_ENABLE_OBJC_WEAK = YES;
				CLANG_WARN_BLOCK_CAPTURE_AUTORELEASING = YES;
				CLANG_WARN_BOOL_CONVERSION = YES;
				CLANG_WARN_COMMA = YES;
				CLANG_WARN_CONSTANT_CONVERSION = YES;
				CLANG_WARN_DEPRECATED_OBJC_IMPLEMENTATIONS = YES;
				CLANG_WARN_DIRECT_OBJC_ISA_USAGE = YES_ERROR;
				CLANG_WARN_DOCUMENTATION_COMMENTS = YES;
				CLANG_WARN_EMPTY_BODY = YES;
				CLANG_WARN_ENUM_CONVERSION = YES;
				CLANG_WARN_INFINITE_RECURSION = YES;
				CLANG_WARN_INT_CONVERSION = YES;
				CLANG_WARN_NON_LITERAL_NULL_CONVERSION = YES;
				CLANG_WARN_OBJC_IMPLICIT_RETAIN_SELF = YES;
				CLANG_WARN_OBJC_LITERAL_CONVERSION = YES;
				CLANG_WARN_OBJC_ROOT_CLASS = YES_ERROR;
				CLANG_WARN_RANGE_LOOP_ANALYSIS = YES;
				CLANG_WARN_STRICT_PROTOTYPES = YES;
				CLANG_WARN_SUSPICIOUS_MOVE = YES;
				CLANG_WARN_UNGUARDED_AVAILABILITY = YES_AGGRESSIVE;
				CLANG_WARN_UNREACHABLE_CODE = YES;
				CLANG_WARN__DUPLICATE_METHOD_MATCH = YES;
				CODE_SIGN_IDENTITY = "iPhone Developer";
				COPY_PHASE_STRIP = NO;
				DEBUG_INFORMATION_FORMAT = "dwarf-with-dsym";
				ENABLE_NS_ASSERTIONS = NO;
				ENABLE_STRICT_OBJC_MSGSEND = YES;
				GCC_C_LANGUAGE_STANDARD = gnu11;
				GCC_NO_COMMON_BLOCKS = YES;
				GCC_WARN_64_TO_32_BIT_CONVERSION = YES;
				GCC_WARN_ABOUT_RETURN_TYPE = YES_ERROR;
				GCC_WARN_UNDECLARED_SELECTOR = YES;
				GCC_WARN_UNINITIALIZED_AUTOS = YES_AGGRESSIVE;
				GCC_WARN_UNUSED_FUNCTION = YES;
				GCC_WARN_UNUSED_VARIABLE = YES;
				IPHONEOS_DEPLOYMENT_TARGET = 12.2;
				MTL_ENABLE_DEBUG_INFO = NO;
				MTL_FAST_MATH = YES;
				SDKROOT = iphoneos;
				SWIFT_COMPILATION_MODE = wholemodule;
				SWIFT_OPTIMIZATION_LEVEL = "-O";
				VALIDATE_PRODUCT = YES;
			};
			name = Release;
		};
		890A4FB822E20F2700FA7324 /* Debug */ = {
			isa = XCBuildConfiguration;
			baseConfigurationReference = CE0D469740083BCE2734EA01 /* Pods-FlightRider.debug.xcconfig */;
			buildSettings = {
				ASSETCATALOG_COMPILER_APPICON_NAME = AppIcon;
				CODE_SIGN_ENTITLEMENTS = FlightRider/FlightRider.entitlements;
				CODE_SIGN_STYLE = Automatic;
				DEVELOPMENT_TEAM = 7RAQ7W44J6;
				INFOPLIST_FILE = FlightRider/Info.plist;
				LD_RUNPATH_SEARCH_PATHS = (
					"$(inherited)",
					"@executable_path/Frameworks",
				);
				PRODUCT_BUNDLE_IDENTIFIER = com.clearinx.FlightRider;
				PRODUCT_NAME = "$(TARGET_NAME)";
				SWIFT_VERSION = 5.0;
				TARGETED_DEVICE_FAMILY = "1,2";
			};
			name = Debug;
		};
		890A4FB922E20F2700FA7324 /* Release */ = {
			isa = XCBuildConfiguration;
			baseConfigurationReference = D0CCD268A8AB0AB12FE0DDC3 /* Pods-FlightRider.release.xcconfig */;
			buildSettings = {
				ASSETCATALOG_COMPILER_APPICON_NAME = AppIcon;
				CODE_SIGN_ENTITLEMENTS = FlightRider/FlightRider.entitlements;
				CODE_SIGN_STYLE = Automatic;
				DEVELOPMENT_TEAM = 7RAQ7W44J6;
				INFOPLIST_FILE = FlightRider/Info.plist;
				LD_RUNPATH_SEARCH_PATHS = (
					"$(inherited)",
					"@executable_path/Frameworks",
				);
				PRODUCT_BUNDLE_IDENTIFIER = com.clearinx.FlightRider;
				PRODUCT_NAME = "$(TARGET_NAME)";
				SWIFT_VERSION = 5.0;
				TARGETED_DEVICE_FAMILY = "1,2";
			};
			name = Release;
		};
		890A4FBB22E20F2700FA7324 /* Debug */ = {
			isa = XCBuildConfiguration;
			baseConfigurationReference = 81940CAAAE87919D516C60A6 /* Pods-FlightRiderTests.debug.xcconfig */;
			buildSettings = {
				ALWAYS_EMBED_SWIFT_STANDARD_LIBRARIES = YES;
				BUNDLE_LOADER = "$(TEST_HOST)";
				CODE_SIGN_STYLE = Automatic;
				INFOPLIST_FILE = FlightRiderTests/Info.plist;
				LD_RUNPATH_SEARCH_PATHS = (
					"$(inherited)",
					"@executable_path/Frameworks",
					"@loader_path/Frameworks",
				);
				PRODUCT_BUNDLE_IDENTIFIER = com.clearinx.FlightRiderTests;
				PRODUCT_NAME = "$(TARGET_NAME)";
				SWIFT_VERSION = 5.0;
				TARGETED_DEVICE_FAMILY = "1,2";
				TEST_HOST = "$(BUILT_PRODUCTS_DIR)/FlightRider.app/FlightRider";
			};
			name = Debug;
		};
		890A4FBC22E20F2700FA7324 /* Release */ = {
			isa = XCBuildConfiguration;
			baseConfigurationReference = D62F71DBE2557DB112C0704F /* Pods-FlightRiderTests.release.xcconfig */;
			buildSettings = {
				ALWAYS_EMBED_SWIFT_STANDARD_LIBRARIES = YES;
				BUNDLE_LOADER = "$(TEST_HOST)";
				CODE_SIGN_STYLE = Automatic;
				INFOPLIST_FILE = FlightRiderTests/Info.plist;
				LD_RUNPATH_SEARCH_PATHS = (
					"$(inherited)",
					"@executable_path/Frameworks",
					"@loader_path/Frameworks",
				);
				PRODUCT_BUNDLE_IDENTIFIER = com.clearinx.FlightRiderTests;
				PRODUCT_NAME = "$(TARGET_NAME)";
				SWIFT_VERSION = 5.0;
				TARGETED_DEVICE_FAMILY = "1,2";
				TEST_HOST = "$(BUILT_PRODUCTS_DIR)/FlightRider.app/FlightRider";
			};
			name = Release;
		};
		890A4FBE22E20F2700FA7324 /* Debug */ = {
			isa = XCBuildConfiguration;
			baseConfigurationReference = 019726132FFA712208072D56 /* Pods-FlightRiderUITests.debug.xcconfig */;
			buildSettings = {
				ALWAYS_EMBED_SWIFT_STANDARD_LIBRARIES = YES;
				CODE_SIGN_STYLE = Automatic;
				INFOPLIST_FILE = FlightRiderUITests/Info.plist;
				LD_RUNPATH_SEARCH_PATHS = (
					"$(inherited)",
					"@executable_path/Frameworks",
					"@loader_path/Frameworks",
				);
				PRODUCT_BUNDLE_IDENTIFIER = com.clearinx.FlightRiderUITests;
				PRODUCT_NAME = "$(TARGET_NAME)";
				SWIFT_VERSION = 5.0;
				TARGETED_DEVICE_FAMILY = "1,2";
				TEST_TARGET_NAME = FlightRider;
			};
			name = Debug;
		};
		890A4FBF22E20F2700FA7324 /* Release */ = {
			isa = XCBuildConfiguration;
			baseConfigurationReference = 4E80D74EC729535A6A61D78F /* Pods-FlightRiderUITests.release.xcconfig */;
			buildSettings = {
				ALWAYS_EMBED_SWIFT_STANDARD_LIBRARIES = YES;
				CODE_SIGN_STYLE = Automatic;
				INFOPLIST_FILE = FlightRiderUITests/Info.plist;
				LD_RUNPATH_SEARCH_PATHS = (
					"$(inherited)",
					"@executable_path/Frameworks",
					"@loader_path/Frameworks",
				);
				PRODUCT_BUNDLE_IDENTIFIER = com.clearinx.FlightRiderUITests;
				PRODUCT_NAME = "$(TARGET_NAME)";
				SWIFT_VERSION = 5.0;
				TARGETED_DEVICE_FAMILY = "1,2";
				TEST_TARGET_NAME = FlightRider;
			};
			name = Release;
		};
/* End XCBuildConfiguration section */

/* Begin XCConfigurationList section */
		890A4F8722E20F2600FA7324 /* Build configuration list for PBXProject "FlightRider" */ = {
			isa = XCConfigurationList;
			buildConfigurations = (
				890A4FB522E20F2700FA7324 /* Debug */,
				890A4FB622E20F2700FA7324 /* Release */,
			);
			defaultConfigurationIsVisible = 0;
			defaultConfigurationName = Release;
		};
		890A4FB722E20F2700FA7324 /* Build configuration list for PBXNativeTarget "FlightRider" */ = {
			isa = XCConfigurationList;
			buildConfigurations = (
				890A4FB822E20F2700FA7324 /* Debug */,
				890A4FB922E20F2700FA7324 /* Release */,
			);
			defaultConfigurationIsVisible = 0;
			defaultConfigurationName = Release;
		};
		890A4FBA22E20F2700FA7324 /* Build configuration list for PBXNativeTarget "FlightRiderTests" */ = {
			isa = XCConfigurationList;
			buildConfigurations = (
				890A4FBB22E20F2700FA7324 /* Debug */,
				890A4FBC22E20F2700FA7324 /* Release */,
			);
			defaultConfigurationIsVisible = 0;
			defaultConfigurationName = Release;
		};
		890A4FBD22E20F2700FA7324 /* Build configuration list for PBXNativeTarget "FlightRiderUITests" */ = {
			isa = XCConfigurationList;
			buildConfigurations = (
				890A4FBE22E20F2700FA7324 /* Debug */,
				890A4FBF22E20F2700FA7324 /* Release */,
			);
			defaultConfigurationIsVisible = 0;
			defaultConfigurationName = Release;
		};
/* End XCConfigurationList section */

/* Begin XCVersionGroup section */
		890A4F9622E20F2600FA7324 /* FlightRider.xcdatamodeld */ = {
			isa = XCVersionGroup;
			children = (
				890A4F9722E20F2600FA7324 /* FlightRider.xcdatamodel */,
			);
			currentVersion = 890A4F9722E20F2600FA7324 /* FlightRider.xcdatamodel */;
			path = FlightRider.xcdatamodeld;
			sourceTree = "<group>";
			versionGroupType = wrapper.xcdatamodel;
		};
/* End XCVersionGroup section */
	};
	rootObject = 890A4F8422E20F2600FA7324 /* Project object */;
}
