// !$*UTF8*$!
{
	archiveVersion = 1;
	classes = {
	};
	objectVersion = 51;
	objects = {

/* Begin PBXBuildFile section */
		2398503D1793764310497FD3 /* Pods_FlightRiderUITests.framework in Frameworks */ = {isa = PBXBuildFile; fileRef = 1F9B8094374816329C6786F9 /* Pods_FlightRiderUITests.framework */; };
		64387577C53E3831F77F89F9 /* Pods_FlightRiderTests.framework in Frameworks */ = {isa = PBXBuildFile; fileRef = 838A8F549BFA5095025DA075 /* Pods_FlightRiderTests.framework */; };
		89082A8422F43B4E00EF1BDE /* FlightDetailViewControllerCannotCheckin.swift in Sources */ = {isa = PBXBuildFile; fileRef = 89082A8322F43B4E00EF1BDE /* FlightDetailViewControllerCannotCheckin.swift */; };
		89082A8622F4591E00EF1BDE /* FlightDetailViewControllerSelectSeats.swift in Sources */ = {isa = PBXBuildFile; fileRef = 89082A8522F4591E00EF1BDE /* FlightDetailViewControllerSelectSeats.swift */; };
		890A4F9022E20F2600FA7324 /* AppDelegate.swift in Sources */ = {isa = PBXBuildFile; fileRef = 890A4F8F22E20F2600FA7324 /* AppDelegate.swift */; };
		890A4F9222E20F2600FA7324 /* ViewController.swift in Sources */ = {isa = PBXBuildFile; fileRef = 890A4F9122E20F2600FA7324 /* ViewController.swift */; };
		890A4F9522E20F2600FA7324 /* Main.storyboard in Resources */ = {isa = PBXBuildFile; fileRef = 890A4F9322E20F2600FA7324 /* Main.storyboard */; };
		890A4F9822E20F2600FA7324 /* FlightRider.xcdatamodeld in Sources */ = {isa = PBXBuildFile; fileRef = 890A4F9622E20F2600FA7324 /* FlightRider.xcdatamodeld */; };
		890A4F9A22E20F2700FA7324 /* Assets.xcassets in Resources */ = {isa = PBXBuildFile; fileRef = 890A4F9922E20F2700FA7324 /* Assets.xcassets */; };
		890A4F9D22E20F2700FA7324 /* LaunchScreen.storyboard in Resources */ = {isa = PBXBuildFile; fileRef = 890A4F9B22E20F2700FA7324 /* LaunchScreen.storyboard */; };
		890A4FA822E20F2700FA7324 /* FlightRiderTests.swift in Sources */ = {isa = PBXBuildFile; fileRef = 890A4FA722E20F2700FA7324 /* FlightRiderTests.swift */; };
		890A4FB322E20F2700FA7324 /* FlightRiderUITests.swift in Sources */ = {isa = PBXBuildFile; fileRef = 890A4FB222E20F2700FA7324 /* FlightRiderUITests.swift */; };
		8913FB522301A7F30069DE41 /* test_flights.json in Resources */ = {isa = PBXBuildFile; fileRef = 8913FB512301A7F30069DE41 /* test_flights.json */; };
		8913FB542301A8150069DE41 /* SwiftyJSON.swift in Sources */ = {isa = PBXBuildFile; fileRef = 8913FB532301A8150069DE41 /* SwiftyJSON.swift */; };
		8919905C2303F171002D9074 /* Seat+CoreDataClass.swift in Sources */ = {isa = PBXBuildFile; fileRef = 891990582303F171002D9074 /* Seat+CoreDataClass.swift */; };
		8919905D2303F171002D9074 /* Seat+CoreDataProperties.swift in Sources */ = {isa = PBXBuildFile; fileRef = 891990592303F171002D9074 /* Seat+CoreDataProperties.swift */; };
		8919905E2303F171002D9074 /* Flight+CoreDataClass.swift in Sources */ = {isa = PBXBuildFile; fileRef = 8919905A2303F171002D9074 /* Flight+CoreDataClass.swift */; };
		8919905F2303F171002D9074 /* Flight+CoreDataProperties.swift in Sources */ = {isa = PBXBuildFile; fileRef = 8919905B2303F171002D9074 /* Flight+CoreDataProperties.swift */; };
		891F25A022FC6A7600167E94 /* FlightDetailViewControllerExchangeAggreement.swift in Sources */ = {isa = PBXBuildFile; fileRef = 891F259F22FC6A7600167E94 /* FlightDetailViewControllerExchangeAggreement.swift */; };
		893652E62321380A003C9B56 /* DatePickerExtension.swift in Sources */ = {isa = PBXBuildFile; fileRef = 893652E52321380A003C9B56 /* DatePickerExtension.swift */; };
		893652E823213BCA003C9B56 /* UIAlertController+Extension.swift in Sources */ = {isa = PBXBuildFile; fileRef = 893652E723213BCA003C9B56 /* UIAlertController+Extension.swift */; };
		8937002C2321647D00BA2BF4 /* DateExtension.swift in Sources */ = {isa = PBXBuildFile; fileRef = 8937002B2321647D00BA2BF4 /* DateExtension.swift */; };
		8937002F232172C500BA2BF4 /* Time.swift in Sources */ = {isa = PBXBuildFile; fileRef = 8937002E232172C500BA2BF4 /* Time.swift */; };
		89370031232197F100BA2BF4 /* UIViewControllerDatabaseExtension.swift in Sources */ = {isa = PBXBuildFile; fileRef = 89370030232197F100BA2BF4 /* UIViewControllerDatabaseExtension.swift */; };
		89EC5E072314331C00F24139 /* Spinner.swift in Sources */ = {isa = PBXBuildFile; fileRef = 89EC5E062314331C00F24139 /* Spinner.swift */; };
		89EC5E092317FC8200F24139 /* ViewControllerUserExtension.swift in Sources */ = {isa = PBXBuildFile; fileRef = 89EC5E082317FC8200F24139 /* ViewControllerUserExtension.swift */; };
		89EC5E0B2318FEDC00F24139 /* ViewControllerFlightExtension.swift in Sources */ = {isa = PBXBuildFile; fileRef = 89EC5E0A2318FEDC00F24139 /* ViewControllerFlightExtension.swift */; };
		B4BDF6339156311CE218B426 /* Pods_FlightRider.framework in Frameworks */ = {isa = PBXBuildFile; fileRef = 3166D2EDABAC33E67B21280F /* Pods_FlightRider.framework */; };
		FF489CB322F887EF005FAE41 /* CheckSeatsViewController.swift in Sources */ = {isa = PBXBuildFile; fileRef = FF489CB222F887EF005FAE41 /* CheckSeatsViewController.swift */; };
		FF489CB622F88B92005FAE41 /* Tap.swift in Sources */ = {isa = PBXBuildFile; fileRef = FF489CB522F88B92005FAE41 /* Tap.swift */; };
		FF90B14323084EE10003E4D3 /* GoogleService-Info.plist in Resources */ = {isa = PBXBuildFile; fileRef = FF90B14223084EE10003E4D3 /* GoogleService-Info.plist */; };
		FFA03FF02312D941009A3D3F /* User+CoreDataClass.swift in Sources */ = {isa = PBXBuildFile; fileRef = FFA03FEE2312D941009A3D3F /* User+CoreDataClass.swift */; };
		FFA03FF12312D941009A3D3F /* User+CoreDataProperties.swift in Sources */ = {isa = PBXBuildFile; fileRef = FFA03FEF2312D941009A3D3F /* User+CoreDataProperties.swift */; };
		FFA03FF32312D94C009A3D3F /* LoginViewController.swift in Sources */ = {isa = PBXBuildFile; fileRef = FFA03FF22312D94C009A3D3F /* LoginViewController.swift */; };
		FFA03FF62312DB08009A3D3F /* CloudKit.framework in Frameworks */ = {isa = PBXBuildFile; fileRef = FFA03FF52312DB08009A3D3F /* CloudKit.framework */; };
		FFFF37B322EDBC8C0014D999 /* Ryanair.png in Resources */ = {isa = PBXBuildFile; fileRef = FFFF37B222EDBC8C0014D999 /* Ryanair.png */; };
		FFFF37B522EDD9870014D999 /* FlightDetailViewController.swift in Sources */ = {isa = PBXBuildFile; fileRef = FFFF37B422EDD9870014D999 /* FlightDetailViewController.swift */; };
/* End PBXBuildFile section */

/* Begin PBXContainerItemProxy section */
		890A4FA422E20F2700FA7324 /* PBXContainerItemProxy */ = {
			isa = PBXContainerItemProxy;
			containerPortal = 890A4F8422E20F2600FA7324 /* Project object */;
			proxyType = 1;
			remoteGlobalIDString = 890A4F8B22E20F2600FA7324;
			remoteInfo = FlightRider;
		};
		890A4FAF22E20F2700FA7324 /* PBXContainerItemProxy */ = {
			isa = PBXContainerItemProxy;
			containerPortal = 890A4F8422E20F2600FA7324 /* Project object */;
			proxyType = 1;
			remoteGlobalIDString = 890A4F8B22E20F2600FA7324;
			remoteInfo = FlightRider;
		};
/* End PBXContainerItemProxy section */

/* Begin PBXFileReference section */
		059ABA59AE3FE55937E8B4EB /* Pods-FlightRider.release.xcconfig */ = {isa = PBXFileReference; includeInIndex = 1; lastKnownFileType = text.xcconfig; name = "Pods-FlightRider.release.xcconfig"; path = "Target Support Files/Pods-FlightRider/Pods-FlightRider.release.xcconfig"; sourceTree = "<group>"; };
		1F9B8094374816329C6786F9 /* Pods_FlightRiderUITests.framework */ = {isa = PBXFileReference; explicitFileType = wrapper.framework; includeInIndex = 0; path = Pods_FlightRiderUITests.framework; sourceTree = BUILT_PRODUCTS_DIR; };
		3166D2EDABAC33E67B21280F /* Pods_FlightRider.framework */ = {isa = PBXFileReference; explicitFileType = wrapper.framework; includeInIndex = 0; path = Pods_FlightRider.framework; sourceTree = BUILT_PRODUCTS_DIR; };
		50D5D64B09528ACA8D4C625A /* Pods-FlightRiderTests.debug.xcconfig */ = {isa = PBXFileReference; includeInIndex = 1; lastKnownFileType = text.xcconfig; name = "Pods-FlightRiderTests.debug.xcconfig"; path = "Target Support Files/Pods-FlightRiderTests/Pods-FlightRiderTests.debug.xcconfig"; sourceTree = "<group>"; };
		838A8F549BFA5095025DA075 /* Pods_FlightRiderTests.framework */ = {isa = PBXFileReference; explicitFileType = wrapper.framework; includeInIndex = 0; path = Pods_FlightRiderTests.framework; sourceTree = BUILT_PRODUCTS_DIR; };
		89082A8322F43B4E00EF1BDE /* FlightDetailViewControllerCannotCheckin.swift */ = {isa = PBXFileReference; lastKnownFileType = sourcecode.swift; path = FlightDetailViewControllerCannotCheckin.swift; sourceTree = "<group>"; };
		89082A8522F4591E00EF1BDE /* FlightDetailViewControllerSelectSeats.swift */ = {isa = PBXFileReference; lastKnownFileType = sourcecode.swift; path = FlightDetailViewControllerSelectSeats.swift; sourceTree = "<group>"; };
		890A4F8C22E20F2600FA7324 /* FlightRider.app */ = {isa = PBXFileReference; explicitFileType = wrapper.application; includeInIndex = 0; path = FlightRider.app; sourceTree = BUILT_PRODUCTS_DIR; };
		890A4F8F22E20F2600FA7324 /* AppDelegate.swift */ = {isa = PBXFileReference; lastKnownFileType = sourcecode.swift; path = AppDelegate.swift; sourceTree = "<group>"; };
		890A4F9122E20F2600FA7324 /* ViewController.swift */ = {isa = PBXFileReference; lastKnownFileType = sourcecode.swift; path = ViewController.swift; sourceTree = "<group>"; };
		890A4F9422E20F2600FA7324 /* Base */ = {isa = PBXFileReference; lastKnownFileType = file.storyboard; name = Base; path = Base.lproj/Main.storyboard; sourceTree = "<group>"; };
		890A4F9722E20F2600FA7324 /* FlightRider.xcdatamodel */ = {isa = PBXFileReference; lastKnownFileType = wrapper.xcdatamodel; path = FlightRider.xcdatamodel; sourceTree = "<group>"; };
		890A4F9922E20F2700FA7324 /* Assets.xcassets */ = {isa = PBXFileReference; lastKnownFileType = folder.assetcatalog; path = Assets.xcassets; sourceTree = "<group>"; };
		890A4F9C22E20F2700FA7324 /* Base */ = {isa = PBXFileReference; lastKnownFileType = file.storyboard; name = Base; path = Base.lproj/LaunchScreen.storyboard; sourceTree = "<group>"; };
		890A4F9E22E20F2700FA7324 /* Info.plist */ = {isa = PBXFileReference; lastKnownFileType = text.plist.xml; path = Info.plist; sourceTree = "<group>"; };
		890A4FA322E20F2700FA7324 /* FlightRiderTests.xctest */ = {isa = PBXFileReference; explicitFileType = wrapper.cfbundle; includeInIndex = 0; path = FlightRiderTests.xctest; sourceTree = BUILT_PRODUCTS_DIR; };
		890A4FA722E20F2700FA7324 /* FlightRiderTests.swift */ = {isa = PBXFileReference; lastKnownFileType = sourcecode.swift; path = FlightRiderTests.swift; sourceTree = "<group>"; };
		890A4FA922E20F2700FA7324 /* Info.plist */ = {isa = PBXFileReference; lastKnownFileType = text.plist.xml; path = Info.plist; sourceTree = "<group>"; };
		890A4FAE22E20F2700FA7324 /* FlightRiderUITests.xctest */ = {isa = PBXFileReference; explicitFileType = wrapper.cfbundle; includeInIndex = 0; path = FlightRiderUITests.xctest; sourceTree = BUILT_PRODUCTS_DIR; };
		890A4FB222E20F2700FA7324 /* FlightRiderUITests.swift */ = {isa = PBXFileReference; lastKnownFileType = sourcecode.swift; path = FlightRiderUITests.swift; sourceTree = "<group>"; };
		890A4FB422E20F2700FA7324 /* Info.plist */ = {isa = PBXFileReference; lastKnownFileType = text.plist.xml; path = Info.plist; sourceTree = "<group>"; };
		8913FB512301A7F30069DE41 /* test_flights.json */ = {isa = PBXFileReference; fileEncoding = 4; lastKnownFileType = text.json; path = test_flights.json; sourceTree = "<group>"; };
		8913FB532301A8150069DE41 /* SwiftyJSON.swift */ = {isa = PBXFileReference; fileEncoding = 4; lastKnownFileType = sourcecode.swift; path = SwiftyJSON.swift; sourceTree = "<group>"; };
		891990582303F171002D9074 /* Seat+CoreDataClass.swift */ = {isa = PBXFileReference; lastKnownFileType = sourcecode.swift; path = "Seat+CoreDataClass.swift"; sourceTree = "<group>"; };
		891990592303F171002D9074 /* Seat+CoreDataProperties.swift */ = {isa = PBXFileReference; lastKnownFileType = sourcecode.swift; path = "Seat+CoreDataProperties.swift"; sourceTree = "<group>"; };
		8919905A2303F171002D9074 /* Flight+CoreDataClass.swift */ = {isa = PBXFileReference; lastKnownFileType = sourcecode.swift; path = "Flight+CoreDataClass.swift"; sourceTree = "<group>"; };
		8919905B2303F171002D9074 /* Flight+CoreDataProperties.swift */ = {isa = PBXFileReference; lastKnownFileType = sourcecode.swift; path = "Flight+CoreDataProperties.swift"; sourceTree = "<group>"; };
		891F259F22FC6A7600167E94 /* FlightDetailViewControllerExchangeAggreement.swift */ = {isa = PBXFileReference; lastKnownFileType = sourcecode.swift; path = FlightDetailViewControllerExchangeAggreement.swift; sourceTree = "<group>"; };
		893652E52321380A003C9B56 /* DatePickerExtension.swift */ = {isa = PBXFileReference; lastKnownFileType = sourcecode.swift; path = DatePickerExtension.swift; sourceTree = "<group>"; };
		893652E723213BCA003C9B56 /* UIAlertController+Extension.swift */ = {isa = PBXFileReference; lastKnownFileType = sourcecode.swift; path = "UIAlertController+Extension.swift"; sourceTree = "<group>"; };
		8937002B2321647D00BA2BF4 /* DateExtension.swift */ = {isa = PBXFileReference; lastKnownFileType = sourcecode.swift; path = DateExtension.swift; sourceTree = "<group>"; };
		8937002E232172C500BA2BF4 /* Time.swift */ = {isa = PBXFileReference; lastKnownFileType = sourcecode.swift; path = Time.swift; sourceTree = "<group>"; };
		89370030232197F100BA2BF4 /* UIViewControllerDatabaseExtension.swift */ = {isa = PBXFileReference; lastKnownFileType = sourcecode.swift; path = UIViewControllerDatabaseExtension.swift; sourceTree = "<group>"; };
		89EC5E062314331C00F24139 /* Spinner.swift */ = {isa = PBXFileReference; lastKnownFileType = sourcecode.swift; path = Spinner.swift; sourceTree = "<group>"; };
		89EC5E082317FC8200F24139 /* ViewControllerUserExtension.swift */ = {isa = PBXFileReference; lastKnownFileType = sourcecode.swift; path = ViewControllerUserExtension.swift; sourceTree = "<group>"; };
		89EC5E0A2318FEDC00F24139 /* ViewControllerFlightExtension.swift */ = {isa = PBXFileReference; lastKnownFileType = sourcecode.swift; path = ViewControllerFlightExtension.swift; sourceTree = "<group>"; };
		9D5568620812861BE8189E7E /* Pods-FlightRiderUITests.release.xcconfig */ = {isa = PBXFileReference; includeInIndex = 1; lastKnownFileType = text.xcconfig; name = "Pods-FlightRiderUITests.release.xcconfig"; path = "Target Support Files/Pods-FlightRiderUITests/Pods-FlightRiderUITests.release.xcconfig"; sourceTree = "<group>"; };
		B006031DCDE23D17B0AD77BD /* Pods-FlightRider.debug.xcconfig */ = {isa = PBXFileReference; includeInIndex = 1; lastKnownFileType = text.xcconfig; name = "Pods-FlightRider.debug.xcconfig"; path = "Target Support Files/Pods-FlightRider/Pods-FlightRider.debug.xcconfig"; sourceTree = "<group>"; };
		BBFA841F28B08DCC98B1F8D3 /* Pods-FlightRiderTests.release.xcconfig */ = {isa = PBXFileReference; includeInIndex = 1; lastKnownFileType = text.xcconfig; name = "Pods-FlightRiderTests.release.xcconfig"; path = "Target Support Files/Pods-FlightRiderTests/Pods-FlightRiderTests.release.xcconfig"; sourceTree = "<group>"; };
		E1C5648191A6C75628B8F32A /* Pods-FlightRiderUITests.debug.xcconfig */ = {isa = PBXFileReference; includeInIndex = 1; lastKnownFileType = text.xcconfig; name = "Pods-FlightRiderUITests.debug.xcconfig"; path = "Target Support Files/Pods-FlightRiderUITests/Pods-FlightRiderUITests.debug.xcconfig"; sourceTree = "<group>"; };
		FF489CB222F887EF005FAE41 /* CheckSeatsViewController.swift */ = {isa = PBXFileReference; fileEncoding = 4; lastKnownFileType = sourcecode.swift; path = CheckSeatsViewController.swift; sourceTree = "<group>"; };
		FF489CB522F88B92005FAE41 /* Tap.swift */ = {isa = PBXFileReference; lastKnownFileType = sourcecode.swift; path = Tap.swift; sourceTree = "<group>"; };
		FF90B14223084EE10003E4D3 /* GoogleService-Info.plist */ = {isa = PBXFileReference; fileEncoding = 4; lastKnownFileType = text.plist.xml; path = "GoogleService-Info.plist"; sourceTree = "<group>"; };
		FFA03FEE2312D941009A3D3F /* User+CoreDataClass.swift */ = {isa = PBXFileReference; fileEncoding = 4; lastKnownFileType = sourcecode.swift; path = "User+CoreDataClass.swift"; sourceTree = "<group>"; };
		FFA03FEF2312D941009A3D3F /* User+CoreDataProperties.swift */ = {isa = PBXFileReference; fileEncoding = 4; lastKnownFileType = sourcecode.swift; path = "User+CoreDataProperties.swift"; sourceTree = "<group>"; };
		FFA03FF22312D94C009A3D3F /* LoginViewController.swift */ = {isa = PBXFileReference; fileEncoding = 4; lastKnownFileType = sourcecode.swift; path = LoginViewController.swift; sourceTree = "<group>"; };
		FFA03FF42312DB01009A3D3F /* FlightRider.entitlements */ = {isa = PBXFileReference; lastKnownFileType = text.plist.entitlements; path = FlightRider.entitlements; sourceTree = "<group>"; };
		FFA03FF52312DB08009A3D3F /* CloudKit.framework */ = {isa = PBXFileReference; lastKnownFileType = wrapper.framework; name = CloudKit.framework; path = System/Library/Frameworks/CloudKit.framework; sourceTree = SDKROOT; };
		FFFF37B222EDBC8C0014D999 /* Ryanair.png */ = {isa = PBXFileReference; lastKnownFileType = image.png; path = Ryanair.png; sourceTree = "<group>"; };
		FFFF37B422EDD9870014D999 /* FlightDetailViewController.swift */ = {isa = PBXFileReference; lastKnownFileType = sourcecode.swift; path = FlightDetailViewController.swift; sourceTree = "<group>"; };
/* End PBXFileReference section */

/* Begin PBXFrameworksBuildPhase section */
		890A4F8922E20F2600FA7324 /* Frameworks */ = {
			isa = PBXFrameworksBuildPhase;
			buildActionMask = 2147483647;
			files = (
				B4BDF6339156311CE218B426 /* Pods_FlightRider.framework in Frameworks */,
				FFA03FF62312DB08009A3D3F /* CloudKit.framework in Frameworks */,
			);
			runOnlyForDeploymentPostprocessing = 0;
		};
		890A4FA022E20F2700FA7324 /* Frameworks */ = {
			isa = PBXFrameworksBuildPhase;
			buildActionMask = 2147483647;
			files = (
				64387577C53E3831F77F89F9 /* Pods_FlightRiderTests.framework in Frameworks */,
			);
			runOnlyForDeploymentPostprocessing = 0;
		};
		890A4FAB22E20F2700FA7324 /* Frameworks */ = {
			isa = PBXFrameworksBuildPhase;
			buildActionMask = 2147483647;
			files = (
				2398503D1793764310497FD3 /* Pods_FlightRiderUITests.framework in Frameworks */,
			);
			runOnlyForDeploymentPostprocessing = 0;
		};
/* End PBXFrameworksBuildPhase section */

/* Begin PBXGroup section */
		649D53FEF60732134A04E9DA /* Frameworks */ = {
			isa = PBXGroup;
			children = (
				FFA03FF52312DB08009A3D3F /* CloudKit.framework */,
				3166D2EDABAC33E67B21280F /* Pods_FlightRider.framework */,
				838A8F549BFA5095025DA075 /* Pods_FlightRiderTests.framework */,
				1F9B8094374816329C6786F9 /* Pods_FlightRiderUITests.framework */,
			);
			name = Frameworks;
			sourceTree = "<group>";
		};
		66B30EE620ADFC8A0D20EF32 /* Pods */ = {
			isa = PBXGroup;
			children = (
				B006031DCDE23D17B0AD77BD /* Pods-FlightRider.debug.xcconfig */,
				059ABA59AE3FE55937E8B4EB /* Pods-FlightRider.release.xcconfig */,
				50D5D64B09528ACA8D4C625A /* Pods-FlightRiderTests.debug.xcconfig */,
				BBFA841F28B08DCC98B1F8D3 /* Pods-FlightRiderTests.release.xcconfig */,
				E1C5648191A6C75628B8F32A /* Pods-FlightRiderUITests.debug.xcconfig */,
				9D5568620812861BE8189E7E /* Pods-FlightRiderUITests.release.xcconfig */,
			);
			path = Pods;
			sourceTree = "<group>";
		};
		890A4F8322E20F2600FA7324 = {
			isa = PBXGroup;
			children = (
				890A4F8E22E20F2600FA7324 /* FlightRider */,
				890A4FA622E20F2700FA7324 /* FlightRiderTests */,
				890A4FB122E20F2700FA7324 /* FlightRiderUITests */,
				890A4F8D22E20F2600FA7324 /* Products */,
				66B30EE620ADFC8A0D20EF32 /* Pods */,
				649D53FEF60732134A04E9DA /* Frameworks */,
			);
			sourceTree = "<group>";
		};
		890A4F8D22E20F2600FA7324 /* Products */ = {
			isa = PBXGroup;
			children = (
				890A4F8C22E20F2600FA7324 /* FlightRider.app */,
				890A4FA322E20F2700FA7324 /* FlightRiderTests.xctest */,
				890A4FAE22E20F2700FA7324 /* FlightRiderUITests.xctest */,
			);
			name = Products;
			sourceTree = "<group>";
		};
		890A4F8E22E20F2600FA7324 /* FlightRider */ = {
			isa = PBXGroup;
			children = (
				8937002D232172B500BA2BF4 /* Models */,
				FFA03FF42312DB01009A3D3F /* FlightRider.entitlements */,
				891990572303EFD5002D9074 /* LocalResources */,
				891990562303EF00002D9074 /* CoreDataClasses */,
				891990552303EDE1002D9074 /* ViewControllers */,
				8937002A2321644200BA2BF4 /* Extensions */,
				FF489CB422F88B75005FAE41 /* 3rd Party */,
				890A4F8F22E20F2600FA7324 /* AppDelegate.swift */,
				890A4F9322E20F2600FA7324 /* Main.storyboard */,
				FF90B14223084EE10003E4D3 /* GoogleService-Info.plist */,
				890A4F9922E20F2700FA7324 /* Assets.xcassets */,
				890A4F9B22E20F2700FA7324 /* LaunchScreen.storyboard */,
				890A4F9E22E20F2700FA7324 /* Info.plist */,
				890A4F9622E20F2600FA7324 /* FlightRider.xcdatamodeld */,
			);
			path = FlightRider;
			sourceTree = "<group>";
		};
		890A4FA622E20F2700FA7324 /* FlightRiderTests */ = {
			isa = PBXGroup;
			children = (
				890A4FA722E20F2700FA7324 /* FlightRiderTests.swift */,
				890A4FA922E20F2700FA7324 /* Info.plist */,
			);
			path = FlightRiderTests;
			sourceTree = "<group>";
		};
		890A4FB122E20F2700FA7324 /* FlightRiderUITests */ = {
			isa = PBXGroup;
			children = (
				890A4FB222E20F2700FA7324 /* FlightRiderUITests.swift */,
				890A4FB422E20F2700FA7324 /* Info.plist */,
			);
			path = FlightRiderUITests;
			sourceTree = "<group>";
		};
		891990552303EDE1002D9074 /* ViewControllers */ = {
			isa = PBXGroup;
			children = (
				890A4F9122E20F2600FA7324 /* ViewController.swift */,
				FFFF37B422EDD9870014D999 /* FlightDetailViewController.swift */,
				89082A8322F43B4E00EF1BDE /* FlightDetailViewControllerCannotCheckin.swift */,
				89082A8522F4591E00EF1BDE /* FlightDetailViewControllerSelectSeats.swift */,
				FFA03FF22312D94C009A3D3F /* LoginViewController.swift */,
				FF489CB222F887EF005FAE41 /* CheckSeatsViewController.swift */,
				891F259F22FC6A7600167E94 /* FlightDetailViewControllerExchangeAggreement.swift */,
				89EC5E062314331C00F24139 /* Spinner.swift */,
			);
			path = ViewControllers;
			sourceTree = "<group>";
		};
		891990562303EF00002D9074 /* CoreDataClasses */ = {
			isa = PBXGroup;
			children = (
				891990582303F171002D9074 /* Seat+CoreDataClass.swift */,
				891990592303F171002D9074 /* Seat+CoreDataProperties.swift */,
				FFA03FEE2312D941009A3D3F /* User+CoreDataClass.swift */,
				FFA03FEF2312D941009A3D3F /* User+CoreDataProperties.swift */,
				8919905A2303F171002D9074 /* Flight+CoreDataClass.swift */,
				8919905B2303F171002D9074 /* Flight+CoreDataProperties.swift */,
			);
			path = CoreDataClasses;
			sourceTree = "<group>";
		};
		891990572303EFD5002D9074 /* LocalResources */ = {
			isa = PBXGroup;
			children = (
				FFFF37B222EDBC8C0014D999 /* Ryanair.png */,
				8913FB512301A7F30069DE41 /* test_flights.json */,
			);
			path = LocalResources;
			sourceTree = "<group>";
		};
		8937002A2321644200BA2BF4 /* Extensions */ = {
			isa = PBXGroup;
			children = (
				89EC5E082317FC8200F24139 /* ViewControllerUserExtension.swift */,
				89EC5E0A2318FEDC00F24139 /* ViewControllerFlightExtension.swift */,
				8937002B2321647D00BA2BF4 /* DateExtension.swift */,
				89370030232197F100BA2BF4 /* UIViewControllerDatabaseExtension.swift */,
			);
			path = Extensions;
			sourceTree = "<group>";
		};
		8937002D232172B500BA2BF4 /* Models */ = {
			isa = PBXGroup;
			children = (
				8937002E232172C500BA2BF4 /* Time.swift */,
			);
			path = Models;
			sourceTree = "<group>";
		};
		FF489CB422F88B75005FAE41 /* 3rd Party */ = {
			isa = PBXGroup;
			children = (
				FF489CB522F88B92005FAE41 /* Tap.swift */,
				8913FB532301A8150069DE41 /* SwiftyJSON.swift */,
				893652E52321380A003C9B56 /* DatePickerExtension.swift */,
				893652E723213BCA003C9B56 /* UIAlertController+Extension.swift */,
			);
			path = "3rd Party";
			sourceTree = "<group>";
		};
/* End PBXGroup section */

/* Begin PBXNativeTarget section */
		890A4F8B22E20F2600FA7324 /* FlightRider */ = {
			isa = PBXNativeTarget;
			buildConfigurationList = 890A4FB722E20F2700FA7324 /* Build configuration list for PBXNativeTarget "FlightRider" */;
			buildPhases = (
				12C7B76B0C5C577320E84CE1 /* [CP] Check Pods Manifest.lock */,
				890A4F8822E20F2600FA7324 /* Sources */,
				890A4F8922E20F2600FA7324 /* Frameworks */,
				890A4F8A22E20F2600FA7324 /* Resources */,
				F61A029444633ADF8F6B92AD /* [CP] Embed Pods Frameworks */,
			);
			buildRules = (
			);
			dependencies = (
			);
			name = FlightRider;
			productName = FlightRider;
			productReference = 890A4F8C22E20F2600FA7324 /* FlightRider.app */;
			productType = "com.apple.product-type.application";
		};
		890A4FA222E20F2700FA7324 /* FlightRiderTests */ = {
			isa = PBXNativeTarget;
			buildConfigurationList = 890A4FBA22E20F2700FA7324 /* Build configuration list for PBXNativeTarget "FlightRiderTests" */;
			buildPhases = (
				6A8737C384618ECA715A1AAC /* [CP] Check Pods Manifest.lock */,
				890A4F9F22E20F2700FA7324 /* Sources */,
				890A4FA022E20F2700FA7324 /* Frameworks */,
				890A4FA122E20F2700FA7324 /* Resources */,
			);
			buildRules = (
			);
			dependencies = (
				890A4FA522E20F2700FA7324 /* PBXTargetDependency */,
			);
			name = FlightRiderTests;
			productName = FlightRiderTests;
			productReference = 890A4FA322E20F2700FA7324 /* FlightRiderTests.xctest */;
			productType = "com.apple.product-type.bundle.unit-test";
		};
		890A4FAD22E20F2700FA7324 /* FlightRiderUITests */ = {
			isa = PBXNativeTarget;
			buildConfigurationList = 890A4FBD22E20F2700FA7324 /* Build configuration list for PBXNativeTarget "FlightRiderUITests" */;
			buildPhases = (
				9DD49500D7621274848945D4 /* [CP] Check Pods Manifest.lock */,
				890A4FAA22E20F2700FA7324 /* Sources */,
				890A4FAB22E20F2700FA7324 /* Frameworks */,
				890A4FAC22E20F2700FA7324 /* Resources */,
			);
			buildRules = (
			);
			dependencies = (
				890A4FB022E20F2700FA7324 /* PBXTargetDependency */,
			);
			name = FlightRiderUITests;
			productName = FlightRiderUITests;
			productReference = 890A4FAE22E20F2700FA7324 /* FlightRiderUITests.xctest */;
			productType = "com.apple.product-type.bundle.ui-testing";
		};
/* End PBXNativeTarget section */

/* Begin PBXProject section */
		890A4F8422E20F2600FA7324 /* Project object */ = {
			isa = PBXProject;
			attributes = {
				LastSwiftUpdateCheck = 1020;
				LastUpgradeCheck = 1020;
				ORGANIZATIONNAME = Tomi;
				TargetAttributes = {
					890A4F8B22E20F2600FA7324 = {
						CreatedOnToolsVersion = 10.2.1;
						SystemCapabilities = {
							com.apple.iCloud = {
								enabled = 1;
							};
						};
					};
					890A4FA222E20F2700FA7324 = {
						CreatedOnToolsVersion = 10.2.1;
						TestTargetID = 890A4F8B22E20F2600FA7324;
					};
					890A4FAD22E20F2700FA7324 = {
						CreatedOnToolsVersion = 10.2.1;
						TestTargetID = 890A4F8B22E20F2600FA7324;
					};
				};
			};
			buildConfigurationList = 890A4F8722E20F2600FA7324 /* Build configuration list for PBXProject "FlightRider" */;
			compatibilityVersion = "Xcode 9.3";
			developmentRegion = en;
			hasScannedForEncodings = 0;
			knownRegions = (
				en,
				Base,
			);
			mainGroup = 890A4F8322E20F2600FA7324;
			productRefGroup = 890A4F8D22E20F2600FA7324 /* Products */;
			projectDirPath = "";
			projectRoot = "";
			targets = (
				890A4F8B22E20F2600FA7324 /* FlightRider */,
				890A4FA222E20F2700FA7324 /* FlightRiderTests */,
				890A4FAD22E20F2700FA7324 /* FlightRiderUITests */,
			);
		};
/* End PBXProject section */

/* Begin PBXResourcesBuildPhase section */
		890A4F8A22E20F2600FA7324 /* Resources */ = {
			isa = PBXResourcesBuildPhase;
			buildActionMask = 2147483647;
			files = (
				8913FB522301A7F30069DE41 /* test_flights.json in Resources */,
				FFFF37B322EDBC8C0014D999 /* Ryanair.png in Resources */,
				890A4F9D22E20F2700FA7324 /* LaunchScreen.storyboard in Resources */,
				890A4F9A22E20F2700FA7324 /* Assets.xcassets in Resources */,
				890A4F9522E20F2600FA7324 /* Main.storyboard in Resources */,
				FF90B14323084EE10003E4D3 /* GoogleService-Info.plist in Resources */,
			);
			runOnlyForDeploymentPostprocessing = 0;
		};
		890A4FA122E20F2700FA7324 /* Resources */ = {
			isa = PBXResourcesBuildPhase;
			buildActionMask = 2147483647;
			files = (
			);
			runOnlyForDeploymentPostprocessing = 0;
		};
		890A4FAC22E20F2700FA7324 /* Resources */ = {
			isa = PBXResourcesBuildPhase;
			buildActionMask = 2147483647;
			files = (
			);
			runOnlyForDeploymentPostprocessing = 0;
		};
/* End PBXResourcesBuildPhase section */

/* Begin PBXShellScriptBuildPhase section */
		12C7B76B0C5C577320E84CE1 /* [CP] Check Pods Manifest.lock */ = {
			isa = PBXShellScriptBuildPhase;
			buildActionMask = 2147483647;
			files = (
			);
			inputFileListPaths = (
			);
			inputPaths = (
				"${PODS_PODFILE_DIR_PATH}/Podfile.lock",
				"${PODS_ROOT}/Manifest.lock",
			);
			name = "[CP] Check Pods Manifest.lock";
			outputFileListPaths = (
			);
			outputPaths = (
				"$(DERIVED_FILE_DIR)/Pods-FlightRider-checkManifestLockResult.txt",
			);
			runOnlyForDeploymentPostprocessing = 0;
			shellPath = /bin/sh;
			shellScript = "diff \"${PODS_PODFILE_DIR_PATH}/Podfile.lock\" \"${PODS_ROOT}/Manifest.lock\" > /dev/null\nif [ $? != 0 ] ; then\n    # print error to STDERR\n    echo \"error: The sandbox is not in sync with the Podfile.lock. Run 'pod install' or update your CocoaPods installation.\" >&2\n    exit 1\nfi\n# This output is used by Xcode 'outputs' to avoid re-running this script phase.\necho \"SUCCESS\" > \"${SCRIPT_OUTPUT_FILE_0}\"\n";
			showEnvVarsInLog = 0;
		};
		6A8737C384618ECA715A1AAC /* [CP] Check Pods Manifest.lock */ = {
			isa = PBXShellScriptBuildPhase;
			buildActionMask = 2147483647;
			files = (
			);
			inputFileListPaths = (
			);
			inputPaths = (
				"${PODS_PODFILE_DIR_PATH}/Podfile.lock",
				"${PODS_ROOT}/Manifest.lock",
			);
			name = "[CP] Check Pods Manifest.lock";
			outputFileListPaths = (
			);
			outputPaths = (
				"$(DERIVED_FILE_DIR)/Pods-FlightRiderTests-checkManifestLockResult.txt",
			);
			runOnlyForDeploymentPostprocessing = 0;
			shellPath = /bin/sh;
			shellScript = "diff \"${PODS_PODFILE_DIR_PATH}/Podfile.lock\" \"${PODS_ROOT}/Manifest.lock\" > /dev/null\nif [ $? != 0 ] ; then\n    # print error to STDERR\n    echo \"error: The sandbox is not in sync with the Podfile.lock. Run 'pod install' or update your CocoaPods installation.\" >&2\n    exit 1\nfi\n# This output is used by Xcode 'outputs' to avoid re-running this script phase.\necho \"SUCCESS\" > \"${SCRIPT_OUTPUT_FILE_0}\"\n";
			showEnvVarsInLog = 0;
		};
		9DD49500D7621274848945D4 /* [CP] Check Pods Manifest.lock */ = {
			isa = PBXShellScriptBuildPhase;
			buildActionMask = 2147483647;
			files = (
			);
			inputFileListPaths = (
			);
			inputPaths = (
				"${PODS_PODFILE_DIR_PATH}/Podfile.lock",
				"${PODS_ROOT}/Manifest.lock",
			);
			name = "[CP] Check Pods Manifest.lock";
			outputFileListPaths = (
			);
			outputPaths = (
				"$(DERIVED_FILE_DIR)/Pods-FlightRiderUITests-checkManifestLockResult.txt",
			);
			runOnlyForDeploymentPostprocessing = 0;
			shellPath = /bin/sh;
			shellScript = "diff \"${PODS_PODFILE_DIR_PATH}/Podfile.lock\" \"${PODS_ROOT}/Manifest.lock\" > /dev/null\nif [ $? != 0 ] ; then\n    # print error to STDERR\n    echo \"error: The sandbox is not in sync with the Podfile.lock. Run 'pod install' or update your CocoaPods installation.\" >&2\n    exit 1\nfi\n# This output is used by Xcode 'outputs' to avoid re-running this script phase.\necho \"SUCCESS\" > \"${SCRIPT_OUTPUT_FILE_0}\"\n";
			showEnvVarsInLog = 0;
		};
		F61A029444633ADF8F6B92AD /* [CP] Embed Pods Frameworks */ = {
			isa = PBXShellScriptBuildPhase;
			buildActionMask = 2147483647;
			files = (
			);
			inputFileListPaths = (
				"${PODS_ROOT}/Target Support Files/Pods-FlightRider/Pods-FlightRider-frameworks-${CONFIGURATION}-input-files.xcfilelist",
			);
			name = "[CP] Embed Pods Frameworks";
			outputFileListPaths = (
				"${PODS_ROOT}/Target Support Files/Pods-FlightRider/Pods-FlightRider-frameworks-${CONFIGURATION}-output-files.xcfilelist",
			);
			runOnlyForDeploymentPostprocessing = 0;
			shellPath = /bin/sh;
			shellScript = "\"${PODS_ROOT}/Target Support Files/Pods-FlightRider/Pods-FlightRider-frameworks.sh\"\n";
			showEnvVarsInLog = 0;
		};
/* End PBXShellScriptBuildPhase section */

/* Begin PBXSourcesBuildPhase section */
		890A4F8822E20F2600FA7324 /* Sources */ = {
			isa = PBXSourcesBuildPhase;
			buildActionMask = 2147483647;
			files = (
				891F25A022FC6A7600167E94 /* FlightDetailViewControllerExchangeAggreement.swift in Sources */,
				89EC5E072314331C00F24139 /* Spinner.swift in Sources */,
				893652E823213BCA003C9B56 /* UIAlertController+Extension.swift in Sources */,
				89082A8622F4591E00EF1BDE /* FlightDetailViewControllerSelectSeats.swift in Sources */,
				FFA03FF12312D941009A3D3F /* User+CoreDataProperties.swift in Sources */,
				FF489CB622F88B92005FAE41 /* Tap.swift in Sources */,
				8919905C2303F171002D9074 /* Seat+CoreDataClass.swift in Sources */,
				FF489CB322F887EF005FAE41 /* CheckSeatsViewController.swift in Sources */,
				8913FB542301A8150069DE41 /* SwiftyJSON.swift in Sources */,
				89082A8422F43B4E00EF1BDE /* FlightDetailViewControllerCannotCheckin.swift in Sources */,
				89370031232197F100BA2BF4 /* UIViewControllerDatabaseExtension.swift in Sources */,
				890A4F9222E20F2600FA7324 /* ViewController.swift in Sources */,
				8919905D2303F171002D9074 /* Seat+CoreDataProperties.swift in Sources */,
				8937002F232172C500BA2BF4 /* Time.swift in Sources */,
				8919905F2303F171002D9074 /* Flight+CoreDataProperties.swift in Sources */,
				89EC5E0B2318FEDC00F24139 /* ViewControllerFlightExtension.swift in Sources */,
				8937002C2321647D00BA2BF4 /* DateExtension.swift in Sources */,
				890A4F9822E20F2600FA7324 /* FlightRider.xcdatamodeld in Sources */,
				89EC5E092317FC8200F24139 /* ViewControllerUserExtension.swift in Sources */,
				8919905E2303F171002D9074 /* Flight+CoreDataClass.swift in Sources */,
				FFA03FF32312D94C009A3D3F /* LoginViewController.swift in Sources */,
				893652E62321380A003C9B56 /* DatePickerExtension.swift in Sources */,
				FFFF37B522EDD9870014D999 /* FlightDetailViewController.swift in Sources */,
				890A4F9022E20F2600FA7324 /* AppDelegate.swift in Sources */,
				FFA03FF02312D941009A3D3F /* User+CoreDataClass.swift in Sources */,
			);
			runOnlyForDeploymentPostprocessing = 0;
		};
		890A4F9F22E20F2700FA7324 /* Sources */ = {
			isa = PBXSourcesBuildPhase;
			buildActionMask = 2147483647;
			files = (
				890A4FA822E20F2700FA7324 /* FlightRiderTests.swift in Sources */,
			);
			runOnlyForDeploymentPostprocessing = 0;
		};
		890A4FAA22E20F2700FA7324 /* Sources */ = {
			isa = PBXSourcesBuildPhase;
			buildActionMask = 2147483647;
			files = (
				890A4FB322E20F2700FA7324 /* FlightRiderUITests.swift in Sources */,
			);
			runOnlyForDeploymentPostprocessing = 0;
		};
/* End PBXSourcesBuildPhase section */

/* Begin PBXTargetDependency section */
		890A4FA522E20F2700FA7324 /* PBXTargetDependency */ = {
			isa = PBXTargetDependency;
			target = 890A4F8B22E20F2600FA7324 /* FlightRider */;
			targetProxy = 890A4FA422E20F2700FA7324 /* PBXContainerItemProxy */;
		};
		890A4FB022E20F2700FA7324 /* PBXTargetDependency */ = {
			isa = PBXTargetDependency;
			target = 890A4F8B22E20F2600FA7324 /* FlightRider */;
			targetProxy = 890A4FAF22E20F2700FA7324 /* PBXContainerItemProxy */;
		};
/* End PBXTargetDependency section */

/* Begin PBXVariantGroup section */
		890A4F9322E20F2600FA7324 /* Main.storyboard */ = {
			isa = PBXVariantGroup;
			children = (
				890A4F9422E20F2600FA7324 /* Base */,
			);
			name = Main.storyboard;
			sourceTree = "<group>";
		};
		890A4F9B22E20F2700FA7324 /* LaunchScreen.storyboard */ = {
			isa = PBXVariantGroup;
			children = (
				890A4F9C22E20F2700FA7324 /* Base */,
			);
			name = LaunchScreen.storyboard;
			sourceTree = "<group>";
		};
/* End PBXVariantGroup section */

/* Begin XCBuildConfiguration section */
		890A4FB522E20F2700FA7324 /* Debug */ = {
			isa = XCBuildConfiguration;
			buildSettings = {
				ALWAYS_SEARCH_USER_PATHS = NO;
				CLANG_ANALYZER_NONNULL = YES;
				CLANG_ANALYZER_NUMBER_OBJECT_CONVERSION = YES_AGGRESSIVE;
				CLANG_CXX_LANGUAGE_STANDARD = "gnu++14";
				CLANG_CXX_LIBRARY = "libc++";
				CLANG_ENABLE_MODULES = YES;
				CLANG_ENABLE_OBJC_ARC = YES;
				CLANG_ENABLE_OBJC_WEAK = YES;
				CLANG_WARN_BLOCK_CAPTURE_AUTORELEASING = YES;
				CLANG_WARN_BOOL_CONVERSION = YES;
				CLANG_WARN_COMMA = YES;
				CLANG_WARN_CONSTANT_CONVERSION = YES;
				CLANG_WARN_DEPRECATED_OBJC_IMPLEMENTATIONS = YES;
				CLANG_WARN_DIRECT_OBJC_ISA_USAGE = YES_ERROR;
				CLANG_WARN_DOCUMENTATION_COMMENTS = YES;
				CLANG_WARN_EMPTY_BODY = YES;
				CLANG_WARN_ENUM_CONVERSION = YES;
				CLANG_WARN_INFINITE_RECURSION = YES;
				CLANG_WARN_INT_CONVERSION = YES;
				CLANG_WARN_NON_LITERAL_NULL_CONVERSION = YES;
				CLANG_WARN_OBJC_IMPLICIT_RETAIN_SELF = YES;
				CLANG_WARN_OBJC_LITERAL_CONVERSION = YES;
				CLANG_WARN_OBJC_ROOT_CLASS = YES_ERROR;
				CLANG_WARN_RANGE_LOOP_ANALYSIS = YES;
				CLANG_WARN_STRICT_PROTOTYPES = YES;
				CLANG_WARN_SUSPICIOUS_MOVE = YES;
				CLANG_WARN_UNGUARDED_AVAILABILITY = YES_AGGRESSIVE;
				CLANG_WARN_UNREACHABLE_CODE = YES;
				CLANG_WARN__DUPLICATE_METHOD_MATCH = YES;
				CODE_SIGN_IDENTITY = "iPhone Developer";
				COPY_PHASE_STRIP = NO;
				DEBUG_INFORMATION_FORMAT = dwarf;
				ENABLE_STRICT_OBJC_MSGSEND = YES;
				ENABLE_TESTABILITY = YES;
				GCC_C_LANGUAGE_STANDARD = gnu11;
				GCC_DYNAMIC_NO_PIC = NO;
				GCC_NO_COMMON_BLOCKS = YES;
				GCC_OPTIMIZATION_LEVEL = 0;
				GCC_PREPROCESSOR_DEFINITIONS = (
					"DEBUG=1",
					"$(inherited)",
				);
				GCC_WARN_64_TO_32_BIT_CONVERSION = YES;
				GCC_WARN_ABOUT_RETURN_TYPE = YES_ERROR;
				GCC_WARN_UNDECLARED_SELECTOR = YES;
				GCC_WARN_UNINITIALIZED_AUTOS = YES_AGGRESSIVE;
				GCC_WARN_UNUSED_FUNCTION = YES;
				GCC_WARN_UNUSED_VARIABLE = YES;
				IPHONEOS_DEPLOYMENT_TARGET = 12.2;
				MTL_ENABLE_DEBUG_INFO = INCLUDE_SOURCE;
				MTL_FAST_MATH = YES;
				ONLY_ACTIVE_ARCH = YES;
				SDKROOT = iphoneos;
				SWIFT_ACTIVE_COMPILATION_CONDITIONS = DEBUG;
				SWIFT_OPTIMIZATION_LEVEL = "-Onone";
			};
			name = Debug;
		};
		890A4FB622E20F2700FA7324 /* Release */ = {
			isa = XCBuildConfiguration;
			buildSettings = {
				ALWAYS_SEARCH_USER_PATHS = NO;
				CLANG_ANALYZER_NONNULL = YES;
				CLANG_ANALYZER_NUMBER_OBJECT_CONVERSION = YES_AGGRESSIVE;
				CLANG_CXX_LANGUAGE_STANDARD = "gnu++14";
				CLANG_CXX_LIBRARY = "libc++";
				CLANG_ENABLE_MODULES = YES;
				CLANG_ENABLE_OBJC_ARC = YES;
				CLANG_ENABLE_OBJC_WEAK = YES;
				CLANG_WARN_BLOCK_CAPTURE_AUTORELEASING = YES;
				CLANG_WARN_BOOL_CONVERSION = YES;
				CLANG_WARN_COMMA = YES;
				CLANG_WARN_CONSTANT_CONVERSION = YES;
				CLANG_WARN_DEPRECATED_OBJC_IMPLEMENTATIONS = YES;
				CLANG_WARN_DIRECT_OBJC_ISA_USAGE = YES_ERROR;
				CLANG_WARN_DOCUMENTATION_COMMENTS = YES;
				CLANG_WARN_EMPTY_BODY = YES;
				CLANG_WARN_ENUM_CONVERSION = YES;
				CLANG_WARN_INFINITE_RECURSION = YES;
				CLANG_WARN_INT_CONVERSION = YES;
				CLANG_WARN_NON_LITERAL_NULL_CONVERSION = YES;
				CLANG_WARN_OBJC_IMPLICIT_RETAIN_SELF = YES;
				CLANG_WARN_OBJC_LITERAL_CONVERSION = YES;
				CLANG_WARN_OBJC_ROOT_CLASS = YES_ERROR;
				CLANG_WARN_RANGE_LOOP_ANALYSIS = YES;
				CLANG_WARN_STRICT_PROTOTYPES = YES;
				CLANG_WARN_SUSPICIOUS_MOVE = YES;
				CLANG_WARN_UNGUARDED_AVAILABILITY = YES_AGGRESSIVE;
				CLANG_WARN_UNREACHABLE_CODE = YES;
				CLANG_WARN__DUPLICATE_METHOD_MATCH = YES;
				CODE_SIGN_IDENTITY = "iPhone Developer";
				COPY_PHASE_STRIP = NO;
				DEBUG_INFORMATION_FORMAT = "dwarf-with-dsym";
				ENABLE_NS_ASSERTIONS = NO;
				ENABLE_STRICT_OBJC_MSGSEND = YES;
				GCC_C_LANGUAGE_STANDARD = gnu11;
				GCC_NO_COMMON_BLOCKS = YES;
				GCC_WARN_64_TO_32_BIT_CONVERSION = YES;
				GCC_WARN_ABOUT_RETURN_TYPE = YES_ERROR;
				GCC_WARN_UNDECLARED_SELECTOR = YES;
				GCC_WARN_UNINITIALIZED_AUTOS = YES_AGGRESSIVE;
				GCC_WARN_UNUSED_FUNCTION = YES;
				GCC_WARN_UNUSED_VARIABLE = YES;
				IPHONEOS_DEPLOYMENT_TARGET = 12.2;
				MTL_ENABLE_DEBUG_INFO = NO;
				MTL_FAST_MATH = YES;
				SDKROOT = iphoneos;
				SWIFT_COMPILATION_MODE = wholemodule;
				SWIFT_OPTIMIZATION_LEVEL = "-O";
				VALIDATE_PRODUCT = YES;
			};
			name = Release;
		};
		890A4FB822E20F2700FA7324 /* Debug */ = {
			isa = XCBuildConfiguration;
			baseConfigurationReference = B006031DCDE23D17B0AD77BD /* Pods-FlightRider.debug.xcconfig */;
			buildSettings = {
				ASSETCATALOG_COMPILER_APPICON_NAME = AppIcon;
				CODE_SIGN_ENTITLEMENTS = FlightRider/FlightRider.entitlements;
				CODE_SIGN_STYLE = Automatic;
				DEVELOPMENT_TEAM = 7RAQ7W44J6;
				INFOPLIST_FILE = FlightRider/Info.plist;
				LD_RUNPATH_SEARCH_PATHS = (
					"$(inherited)",
					"@executable_path/Frameworks",
				);
				PRODUCT_BUNDLE_IDENTIFIER = com.clearinx.FlightRider;
				PRODUCT_NAME = "$(TARGET_NAME)";
				SWIFT_VERSION = 5.0;
				TARGETED_DEVICE_FAMILY = "1,2";
			};
			name = Debug;
		};
		890A4FB922E20F2700FA7324 /* Release */ = {
			isa = XCBuildConfiguration;
			baseConfigurationReference = 059ABA59AE3FE55937E8B4EB /* Pods-FlightRider.release.xcconfig */;
			buildSettings = {
				ASSETCATALOG_COMPILER_APPICON_NAME = AppIcon;
				CODE_SIGN_ENTITLEMENTS = FlightRider/FlightRider.entitlements;
				CODE_SIGN_STYLE = Automatic;
				DEVELOPMENT_TEAM = 7RAQ7W44J6;
				INFOPLIST_FILE = FlightRider/Info.plist;
				LD_RUNPATH_SEARCH_PATHS = (
					"$(inherited)",
					"@executable_path/Frameworks",
				);
				PRODUCT_BUNDLE_IDENTIFIER = com.clearinx.FlightRider;
				PRODUCT_NAME = "$(TARGET_NAME)";
				SWIFT_VERSION = 5.0;
				TARGETED_DEVICE_FAMILY = "1,2";
			};
			name = Release;
		};
		890A4FBB22E20F2700FA7324 /* Debug */ = {
			isa = XCBuildConfiguration;
			baseConfigurationReference = 50D5D64B09528ACA8D4C625A /* Pods-FlightRiderTests.debug.xcconfig */;
			buildSettings = {
				ALWAYS_EMBED_SWIFT_STANDARD_LIBRARIES = YES;
				BUNDLE_LOADER = "$(TEST_HOST)";
				CODE_SIGN_STYLE = Automatic;
				INFOPLIST_FILE = FlightRiderTests/Info.plist;
				LD_RUNPATH_SEARCH_PATHS = (
					"$(inherited)",
					"@executable_path/Frameworks",
					"@loader_path/Frameworks",
				);
				PRODUCT_BUNDLE_IDENTIFIER = com.clearinx.FlightRiderTests;
				PRODUCT_NAME = "$(TARGET_NAME)";
				SWIFT_VERSION = 5.0;
				TARGETED_DEVICE_FAMILY = "1,2";
				TEST_HOST = "$(BUILT_PRODUCTS_DIR)/FlightRider.app/FlightRider";
			};
			name = Debug;
		};
		890A4FBC22E20F2700FA7324 /* Release */ = {
			isa = XCBuildConfiguration;
			baseConfigurationReference = BBFA841F28B08DCC98B1F8D3 /* Pods-FlightRiderTests.release.xcconfig */;
			buildSettings = {
				ALWAYS_EMBED_SWIFT_STANDARD_LIBRARIES = YES;
				BUNDLE_LOADER = "$(TEST_HOST)";
				CODE_SIGN_STYLE = Automatic;
				INFOPLIST_FILE = FlightRiderTests/Info.plist;
				LD_RUNPATH_SEARCH_PATHS = (
					"$(inherited)",
					"@executable_path/Frameworks",
					"@loader_path/Frameworks",
				);
				PRODUCT_BUNDLE_IDENTIFIER = com.clearinx.FlightRiderTests;
				PRODUCT_NAME = "$(TARGET_NAME)";
				SWIFT_VERSION = 5.0;
				TARGETED_DEVICE_FAMILY = "1,2";
				TEST_HOST = "$(BUILT_PRODUCTS_DIR)/FlightRider.app/FlightRider";
			};
			name = Release;
		};
		890A4FBE22E20F2700FA7324 /* Debug */ = {
			isa = XCBuildConfiguration;
			baseConfigurationReference = E1C5648191A6C75628B8F32A /* Pods-FlightRiderUITests.debug.xcconfig */;
			buildSettings = {
				ALWAYS_EMBED_SWIFT_STANDARD_LIBRARIES = YES;
				CODE_SIGN_STYLE = Automatic;
				INFOPLIST_FILE = FlightRiderUITests/Info.plist;
				LD_RUNPATH_SEARCH_PATHS = (
					"$(inherited)",
					"@executable_path/Frameworks",
					"@loader_path/Frameworks",
				);
				PRODUCT_BUNDLE_IDENTIFIER = com.clearinx.FlightRiderUITests;
				PRODUCT_NAME = "$(TARGET_NAME)";
				SWIFT_VERSION = 5.0;
				TARGETED_DEVICE_FAMILY = "1,2";
				TEST_TARGET_NAME = FlightRider;
			};
			name = Debug;
		};
		890A4FBF22E20F2700FA7324 /* Release */ = {
			isa = XCBuildConfiguration;
			baseConfigurationReference = 9D5568620812861BE8189E7E /* Pods-FlightRiderUITests.release.xcconfig */;
			buildSettings = {
				ALWAYS_EMBED_SWIFT_STANDARD_LIBRARIES = YES;
				CODE_SIGN_STYLE = Automatic;
				INFOPLIST_FILE = FlightRiderUITests/Info.plist;
				LD_RUNPATH_SEARCH_PATHS = (
					"$(inherited)",
					"@executable_path/Frameworks",
					"@loader_path/Frameworks",
				);
				PRODUCT_BUNDLE_IDENTIFIER = com.clearinx.FlightRiderUITests;
				PRODUCT_NAME = "$(TARGET_NAME)";
				SWIFT_VERSION = 5.0;
				TARGETED_DEVICE_FAMILY = "1,2";
				TEST_TARGET_NAME = FlightRider;
			};
			name = Release;
		};
/* End XCBuildConfiguration section */

/* Begin XCConfigurationList section */
		890A4F8722E20F2600FA7324 /* Build configuration list for PBXProject "FlightRider" */ = {
			isa = XCConfigurationList;
			buildConfigurations = (
				890A4FB522E20F2700FA7324 /* Debug */,
				890A4FB622E20F2700FA7324 /* Release */,
			);
			defaultConfigurationIsVisible = 0;
			defaultConfigurationName = Release;
		};
		890A4FB722E20F2700FA7324 /* Build configuration list for PBXNativeTarget "FlightRider" */ = {
			isa = XCConfigurationList;
			buildConfigurations = (
				890A4FB822E20F2700FA7324 /* Debug */,
				890A4FB922E20F2700FA7324 /* Release */,
			);
			defaultConfigurationIsVisible = 0;
			defaultConfigurationName = Release;
		};
		890A4FBA22E20F2700FA7324 /* Build configuration list for PBXNativeTarget "FlightRiderTests" */ = {
			isa = XCConfigurationList;
			buildConfigurations = (
				890A4FBB22E20F2700FA7324 /* Debug */,
				890A4FBC22E20F2700FA7324 /* Release */,
			);
			defaultConfigurationIsVisible = 0;
			defaultConfigurationName = Release;
		};
		890A4FBD22E20F2700FA7324 /* Build configuration list for PBXNativeTarget "FlightRiderUITests" */ = {
			isa = XCConfigurationList;
			buildConfigurations = (
				890A4FBE22E20F2700FA7324 /* Debug */,
				890A4FBF22E20F2700FA7324 /* Release */,
			);
			defaultConfigurationIsVisible = 0;
			defaultConfigurationName = Release;
		};
/* End XCConfigurationList section */

/* Begin XCVersionGroup section */
		890A4F9622E20F2600FA7324 /* FlightRider.xcdatamodeld */ = {
			isa = XCVersionGroup;
			children = (
				890A4F9722E20F2600FA7324 /* FlightRider.xcdatamodel */,
			);
			currentVersion = 890A4F9722E20F2600FA7324 /* FlightRider.xcdatamodel */;
			path = FlightRider.xcdatamodeld;
			sourceTree = "<group>";
			versionGroupType = wrapper.xcdatamodel;
		};
/* End XCVersionGroup section */
	};
	rootObject = 890A4F8422E20F2600FA7324 /* Project object */;
}
